// !$*UTF8*$!
{
	archiveVersion = 1;
	classes = {
	};
	objectVersion = 46;
	objects = {

/* Begin PBXBuildFile section */
		CC2C96FC1BF0314D004DF239 /* main.m in Sources */ = {isa = PBXBuildFile; fileRef = CC2C96FB1BF0314D004DF239 /* main.m */; };
		CC2C96FF1BF0314D004DF239 /* AppDelegate.m in Sources */ = {isa = PBXBuildFile; fileRef = CC2C96FE1BF0314D004DF239 /* AppDelegate.m */; };
		CC2C97051BF0314D004DF239 /* Main.storyboard in Resources */ = {isa = PBXBuildFile; fileRef = CC2C97031BF0314D004DF239 /* Main.storyboard */; };
		CC2C97071BF0314D004DF239 /* Images.xcassets in Resources */ = {isa = PBXBuildFile; fileRef = CC2C97061BF0314D004DF239 /* Images.xcassets */; };
		CC2C970A1BF0314D004DF239 /* LaunchScreen.xib in Resources */ = {isa = PBXBuildFile; fileRef = CC2C97081BF0314D004DF239 /* LaunchScreen.xib */; };
		CC2C97161BF0314D004DF239 /* weiboTests.m in Sources */ = {isa = PBXBuildFile; fileRef = CC2C97151BF0314D004DF239 /* weiboTests.m */; };
		CC5E41DD1BF440110079C0A3 /* MainVC.m in Sources */ = {isa = PBXBuildFile; fileRef = CC5E41DC1BF440110079C0A3 /* MainVC.m */; };
		CC5E41E41BF4B46E0079C0A3 /* SetingVC.m in Sources */ = {isa = PBXBuildFile; fileRef = CC5E41E31BF4B46E0079C0A3 /* SetingVC.m */; };
		CC5E41E81BF4B6020079C0A3 /* Account.m in Sources */ = {isa = PBXBuildFile; fileRef = CC5E41E71BF4B6020079C0A3 /* Account.m */; };
		CC5E41EB1BF4B8780079C0A3 /* NSString+DocumentFilePath.m in Sources */ = {isa = PBXBuildFile; fileRef = CC5E41EA1BF4B8780079C0A3 /* NSString+DocumentFilePath.m */; };
		CC5E41EE1BF4C3110079C0A3 /* UITableView+IndexWithIndexPath.m in Sources */ = {isa = PBXBuildFile; fileRef = CC5E41ED1BF4C3110079C0A3 /* UITableView+IndexWithIndexPath.m */; };
		CC5E41F21BF4C85D0079C0A3 /* discoverVC.m in Sources */ = {isa = PBXBuildFile; fileRef = CC5E41F11BF4C85D0079C0A3 /* discoverVC.m */; };
		CC5E41F61BF4CCC80079C0A3 /* loginVC.m in Sources */ = {isa = PBXBuildFile; fileRef = CC5E41F51BF4CCC80079C0A3 /* loginVC.m */; };
		CC5E420B1BF4CD5C0079C0A3 /* AFHTTPRequestOperation.m in Sources */ = {isa = PBXBuildFile; fileRef = CC5E41F91BF4CD5C0079C0A3 /* AFHTTPRequestOperation.m */; };
		CC5E420C1BF4CD5C0079C0A3 /* AFHTTPRequestOperationManager.m in Sources */ = {isa = PBXBuildFile; fileRef = CC5E41FB1BF4CD5C0079C0A3 /* AFHTTPRequestOperationManager.m */; };
		CC5E420D1BF4CD5C0079C0A3 /* AFHTTPSessionManager.m in Sources */ = {isa = PBXBuildFile; fileRef = CC5E41FD1BF4CD5C0079C0A3 /* AFHTTPSessionManager.m */; };
		CC5E420E1BF4CD5C0079C0A3 /* AFNetworkReachabilityManager.m in Sources */ = {isa = PBXBuildFile; fileRef = CC5E42001BF4CD5C0079C0A3 /* AFNetworkReachabilityManager.m */; };
		CC5E420F1BF4CD5C0079C0A3 /* AFSecurityPolicy.m in Sources */ = {isa = PBXBuildFile; fileRef = CC5E42021BF4CD5C0079C0A3 /* AFSecurityPolicy.m */; };
		CC5E42101BF4CD5C0079C0A3 /* AFURLConnectionOperation.m in Sources */ = {isa = PBXBuildFile; fileRef = CC5E42041BF4CD5C0079C0A3 /* AFURLConnectionOperation.m */; };
		CC5E42111BF4CD5C0079C0A3 /* AFURLRequestSerialization.m in Sources */ = {isa = PBXBuildFile; fileRef = CC5E42061BF4CD5C0079C0A3 /* AFURLRequestSerialization.m */; };
		CC5E42121BF4CD5C0079C0A3 /* AFURLResponseSerialization.m in Sources */ = {isa = PBXBuildFile; fileRef = CC5E42081BF4CD5C0079C0A3 /* AFURLResponseSerialization.m */; };
		CC5E42131BF4CD5C0079C0A3 /* AFURLSessionManager.m in Sources */ = {isa = PBXBuildFile; fileRef = CC5E420A1BF4CD5C0079C0A3 /* AFURLSessionManager.m */; };
		CCEE70881BF0850200DFD65D /* GuideViewController.m in Sources */ = {isa = PBXBuildFile; fileRef = CCEE70871BF0850200DFD65D /* GuideViewController.m */; };
/* End PBXBuildFile section */

/* Begin PBXContainerItemProxy section */
		CC2C97101BF0314D004DF239 /* PBXContainerItemProxy */ = {
			isa = PBXContainerItemProxy;
			containerPortal = CC2C96EE1BF0314D004DF239 /* Project object */;
			proxyType = 1;
			remoteGlobalIDString = CC2C96F51BF0314D004DF239;
			remoteInfo = weibo;
		};
/* End PBXContainerItemProxy section */

/* Begin PBXFileReference section */
		CC2C96F61BF0314D004DF239 /* weibo.app */ = {isa = PBXFileReference; explicitFileType = wrapper.application; includeInIndex = 0; path = weibo.app; sourceTree = BUILT_PRODUCTS_DIR; };
		CC2C96FA1BF0314D004DF239 /* Info.plist */ = {isa = PBXFileReference; lastKnownFileType = text.plist.xml; path = Info.plist; sourceTree = "<group>"; };
		CC2C96FB1BF0314D004DF239 /* main.m */ = {isa = PBXFileReference; lastKnownFileType = sourcecode.c.objc; path = main.m; sourceTree = "<group>"; };
		CC2C96FD1BF0314D004DF239 /* AppDelegate.h */ = {isa = PBXFileReference; lastKnownFileType = sourcecode.c.h; path = AppDelegate.h; sourceTree = "<group>"; };
		CC2C96FE1BF0314D004DF239 /* AppDelegate.m */ = {isa = PBXFileReference; lastKnownFileType = sourcecode.c.objc; path = AppDelegate.m; sourceTree = "<group>"; };
		CC2C97041BF0314D004DF239 /* Base */ = {isa = PBXFileReference; lastKnownFileType = file.storyboard; name = Base; path = Base.lproj/Main.storyboard; sourceTree = "<group>"; };
		CC2C97061BF0314D004DF239 /* Images.xcassets */ = {isa = PBXFileReference; lastKnownFileType = folder.assetcatalog; path = Images.xcassets; sourceTree = "<group>"; };
		CC2C97091BF0314D004DF239 /* Base */ = {isa = PBXFileReference; lastKnownFileType = file.xib; name = Base; path = Base.lproj/LaunchScreen.xib; sourceTree = "<group>"; };
		CC2C970F1BF0314D004DF239 /* weiboTests.xctest */ = {isa = PBXFileReference; explicitFileType = wrapper.cfbundle; includeInIndex = 0; path = weiboTests.xctest; sourceTree = BUILT_PRODUCTS_DIR; };
		CC2C97141BF0314D004DF239 /* Info.plist */ = {isa = PBXFileReference; lastKnownFileType = text.plist.xml; path = Info.plist; sourceTree = "<group>"; };
		CC2C97151BF0314D004DF239 /* weiboTests.m */ = {isa = PBXFileReference; lastKnownFileType = sourcecode.c.objc; path = weiboTests.m; sourceTree = "<group>"; };
		CC5E41DB1BF440110079C0A3 /* MainVC.h */ = {isa = PBXFileReference; fileEncoding = 4; lastKnownFileType = sourcecode.c.h; path = MainVC.h; sourceTree = "<group>"; };
		CC5E41DC1BF440110079C0A3 /* MainVC.m */ = {isa = PBXFileReference; fileEncoding = 4; lastKnownFileType = sourcecode.c.objc; path = MainVC.m; sourceTree = "<group>"; };
		CC5E41E21BF4B46E0079C0A3 /* SetingVC.h */ = {isa = PBXFileReference; fileEncoding = 4; lastKnownFileType = sourcecode.c.h; path = SetingVC.h; sourceTree = "<group>"; };
		CC5E41E31BF4B46E0079C0A3 /* SetingVC.m */ = {isa = PBXFileReference; fileEncoding = 4; lastKnownFileType = sourcecode.c.objc; path = SetingVC.m; sourceTree = "<group>"; };
		CC5E41E51BF4B4800079C0A3 /* Common.h */ = {isa = PBXFileReference; lastKnownFileType = sourcecode.c.h; path = Common.h; sourceTree = "<group>"; };
		CC5E41E61BF4B6020079C0A3 /* Account.h */ = {isa = PBXFileReference; fileEncoding = 4; lastKnownFileType = sourcecode.c.h; path = Account.h; sourceTree = "<group>"; };
		CC5E41E71BF4B6020079C0A3 /* Account.m */ = {isa = PBXFileReference; fileEncoding = 4; lastKnownFileType = sourcecode.c.objc; path = Account.m; sourceTree = "<group>"; };
		CC5E41E91BF4B8780079C0A3 /* NSString+DocumentFilePath.h */ = {isa = PBXFileReference; fileEncoding = 4; lastKnownFileType = sourcecode.c.h; path = "NSString+DocumentFilePath.h"; sourceTree = "<group>"; };
		CC5E41EA1BF4B8780079C0A3 /* NSString+DocumentFilePath.m */ = {isa = PBXFileReference; fileEncoding = 4; lastKnownFileType = sourcecode.c.objc; path = "NSString+DocumentFilePath.m"; sourceTree = "<group>"; };
		CC5E41EC1BF4C3110079C0A3 /* UITableView+IndexWithIndexPath.h */ = {isa = PBXFileReference; fileEncoding = 4; lastKnownFileType = sourcecode.c.h; path = "UITableView+IndexWithIndexPath.h"; sourceTree = "<group>"; };
		CC5E41ED1BF4C3110079C0A3 /* UITableView+IndexWithIndexPath.m */ = {isa = PBXFileReference; fileEncoding = 4; lastKnownFileType = sourcecode.c.objc; path = "UITableView+IndexWithIndexPath.m"; sourceTree = "<group>"; };
		CC5E41F01BF4C85D0079C0A3 /* discoverVC.h */ = {isa = PBXFileReference; fileEncoding = 4; lastKnownFileType = sourcecode.c.h; path = discoverVC.h; sourceTree = "<group>"; };
		CC5E41F11BF4C85D0079C0A3 /* discoverVC.m */ = {isa = PBXFileReference; fileEncoding = 4; lastKnownFileType = sourcecode.c.objc; path = discoverVC.m; sourceTree = "<group>"; };
		CC5E41F41BF4CCC80079C0A3 /* loginVC.h */ = {isa = PBXFileReference; fileEncoding = 4; lastKnownFileType = sourcecode.c.h; path = loginVC.h; sourceTree = "<group>"; };
		CC5E41F51BF4CCC80079C0A3 /* loginVC.m */ = {isa = PBXFileReference; fileEncoding = 4; lastKnownFileType = sourcecode.c.objc; path = loginVC.m; sourceTree = "<group>"; };
		CC5E41F81BF4CD5C0079C0A3 /* AFHTTPRequestOperation.h */ = {isa = PBXFileReference; fileEncoding = 4; lastKnownFileType = sourcecode.c.h; path = AFHTTPRequestOperation.h; sourceTree = "<group>"; };
		CC5E41F91BF4CD5C0079C0A3 /* AFHTTPRequestOperation.m */ = {isa = PBXFileReference; fileEncoding = 4; lastKnownFileType = sourcecode.c.objc; path = AFHTTPRequestOperation.m; sourceTree = "<group>"; };
		CC5E41FA1BF4CD5C0079C0A3 /* AFHTTPRequestOperationManager.h */ = {isa = PBXFileReference; fileEncoding = 4; lastKnownFileType = sourcecode.c.h; path = AFHTTPRequestOperationManager.h; sourceTree = "<group>"; };
		CC5E41FB1BF4CD5C0079C0A3 /* AFHTTPRequestOperationManager.m */ = {isa = PBXFileReference; fileEncoding = 4; lastKnownFileType = sourcecode.c.objc; path = AFHTTPRequestOperationManager.m; sourceTree = "<group>"; };
		CC5E41FC1BF4CD5C0079C0A3 /* AFHTTPSessionManager.h */ = {isa = PBXFileReference; fileEncoding = 4; lastKnownFileType = sourcecode.c.h; path = AFHTTPSessionManager.h; sourceTree = "<group>"; };
		CC5E41FD1BF4CD5C0079C0A3 /* AFHTTPSessionManager.m */ = {isa = PBXFileReference; fileEncoding = 4; lastKnownFileType = sourcecode.c.objc; path = AFHTTPSessionManager.m; sourceTree = "<group>"; };
		CC5E41FE1BF4CD5C0079C0A3 /* AFNetworking.h */ = {isa = PBXFileReference; fileEncoding = 4; lastKnownFileType = sourcecode.c.h; path = AFNetworking.h; sourceTree = "<group>"; };
		CC5E41FF1BF4CD5C0079C0A3 /* AFNetworkReachabilityManager.h */ = {isa = PBXFileReference; fileEncoding = 4; lastKnownFileType = sourcecode.c.h; path = AFNetworkReachabilityManager.h; sourceTree = "<group>"; };
		CC5E42001BF4CD5C0079C0A3 /* AFNetworkReachabilityManager.m */ = {isa = PBXFileReference; fileEncoding = 4; lastKnownFileType = sourcecode.c.objc; path = AFNetworkReachabilityManager.m; sourceTree = "<group>"; };
		CC5E42011BF4CD5C0079C0A3 /* AFSecurityPolicy.h */ = {isa = PBXFileReference; fileEncoding = 4; lastKnownFileType = sourcecode.c.h; path = AFSecurityPolicy.h; sourceTree = "<group>"; };
		CC5E42021BF4CD5C0079C0A3 /* AFSecurityPolicy.m */ = {isa = PBXFileReference; fileEncoding = 4; lastKnownFileType = sourcecode.c.objc; path = AFSecurityPolicy.m; sourceTree = "<group>"; };
		CC5E42031BF4CD5C0079C0A3 /* AFURLConnectionOperation.h */ = {isa = PBXFileReference; fileEncoding = 4; lastKnownFileType = sourcecode.c.h; path = AFURLConnectionOperation.h; sourceTree = "<group>"; };
		CC5E42041BF4CD5C0079C0A3 /* AFURLConnectionOperation.m */ = {isa = PBXFileReference; fileEncoding = 4; lastKnownFileType = sourcecode.c.objc; path = AFURLConnectionOperation.m; sourceTree = "<group>"; };
		CC5E42051BF4CD5C0079C0A3 /* AFURLRequestSerialization.h */ = {isa = PBXFileReference; fileEncoding = 4; lastKnownFileType = sourcecode.c.h; path = AFURLRequestSerialization.h; sourceTree = "<group>"; };
		CC5E42061BF4CD5C0079C0A3 /* AFURLRequestSerialization.m */ = {isa = PBXFileReference; fileEncoding = 4; lastKnownFileType = sourcecode.c.objc; path = AFURLRequestSerialization.m; sourceTree = "<group>"; };
		CC5E42071BF4CD5C0079C0A3 /* AFURLResponseSerialization.h */ = {isa = PBXFileReference; fileEncoding = 4; lastKnownFileType = sourcecode.c.h; path = AFURLResponseSerialization.h; sourceTree = "<group>"; };
		CC5E42081BF4CD5C0079C0A3 /* AFURLResponseSerialization.m */ = {isa = PBXFileReference; fileEncoding = 4; lastKnownFileType = sourcecode.c.objc; path = AFURLResponseSerialization.m; sourceTree = "<group>"; };
		CC5E42091BF4CD5C0079C0A3 /* AFURLSessionManager.h */ = {isa = PBXFileReference; fileEncoding = 4; lastKnownFileType = sourcecode.c.h; path = AFURLSessionManager.h; sourceTree = "<group>"; };
		CC5E420A1BF4CD5C0079C0A3 /* AFURLSessionManager.m */ = {isa = PBXFileReference; fileEncoding = 4; lastKnownFileType = sourcecode.c.objc; path = AFURLSessionManager.m; sourceTree = "<group>"; };
		CCEE70861BF0850200DFD65D /* GuideViewController.h */ = {isa = PBXFileReference; fileEncoding = 4; lastKnownFileType = sourcecode.c.h; path = GuideViewController.h; sourceTree = "<group>"; };
		CCEE70871BF0850200DFD65D /* GuideViewController.m */ = {isa = PBXFileReference; fileEncoding = 4; lastKnownFileType = sourcecode.c.objc; path = GuideViewController.m; sourceTree = "<group>"; };
/* End PBXFileReference section */

/* Begin PBXFrameworksBuildPhase section */
		CC2C96F31BF0314D004DF239 /* Frameworks */ = {
			isa = PBXFrameworksBuildPhase;
			buildActionMask = 2147483647;
			files = (
			);
			runOnlyForDeploymentPostprocessing = 0;
		};
		CC2C970C1BF0314D004DF239 /* Frameworks */ = {
			isa = PBXFrameworksBuildPhase;
			buildActionMask = 2147483647;
			files = (
			);
			runOnlyForDeploymentPostprocessing = 0;
		};
/* End PBXFrameworksBuildPhase section */

/* Begin PBXGroup section */
		CC2C96ED1BF0314D004DF239 = {
			isa = PBXGroup;
			children = (
				CC2C96F81BF0314D004DF239 /* weibo */,
				CC2C97121BF0314D004DF239 /* weiboTests */,
				CC2C96F71BF0314D004DF239 /* Products */,
			);
			sourceTree = "<group>";
		};
		CC2C96F71BF0314D004DF239 /* Products */ = {
			isa = PBXGroup;
			children = (
				CC2C96F61BF0314D004DF239 /* weibo.app */,
				CC2C970F1BF0314D004DF239 /* weiboTests.xctest */,
			);
			name = Products;
			sourceTree = "<group>";
		};
		CC2C96F81BF0314D004DF239 /* weibo */ = {
			isa = PBXGroup;
			children = (
				CCEE70851BF0838C00DFD65D /* Other */,
				CCEE70841BF0838800DFD65D /* Controller */,
				CCEE70831BF0838500DFD65D /* Model */,
				CCEE70821BF0838200DFD65D /* View */,
				CC2C96F91BF0314D004DF239 /* Supporting Files */,
			);
			path = weibo;
			sourceTree = "<group>";
		};
		CC2C96F91BF0314D004DF239 /* Supporting Files */ = {
			isa = PBXGroup;
			children = (
				CC2C97061BF0314D004DF239 /* Images.xcassets */,
				CC2C96FA1BF0314D004DF239 /* Info.plist */,
				CC2C96FB1BF0314D004DF239 /* main.m */,
			);
			name = "Supporting Files";
			sourceTree = "<group>";
		};
		CC2C97121BF0314D004DF239 /* weiboTests */ = {
			isa = PBXGroup;
			children = (
				CC2C97151BF0314D004DF239 /* weiboTests.m */,
				CC2C97131BF0314D004DF239 /* Supporting Files */,
			);
			path = weiboTests;
			sourceTree = "<group>";
		};
		CC2C97131BF0314D004DF239 /* Supporting Files */ = {
			isa = PBXGroup;
			children = (
				CC2C97141BF0314D004DF239 /* Info.plist */,
			);
			name = "Supporting Files";
			sourceTree = "<group>";
		};
		CC5E41DA1BF43FD90079C0A3 /* MainVC */ = {
			isa = PBXGroup;
			children = (
				CC5E41DB1BF440110079C0A3 /* MainVC.h */,
				CC5E41DC1BF440110079C0A3 /* MainVC.m */,
			);
			name = MainVC;
			sourceTree = "<group>";
		};
		CC5E41DE1BF4B41A0079C0A3 /* SetingVC */ = {
			isa = PBXGroup;
			children = (
				CC5E41E21BF4B46E0079C0A3 /* SetingVC.h */,
				CC5E41E31BF4B46E0079C0A3 /* SetingVC.m */,
			);
			name = SetingVC;
			sourceTree = "<group>";
		};
		CC5E41EF1BF4C8360079C0A3 /* discover */ = {
			isa = PBXGroup;
			children = (
				CC5E41F01BF4C85D0079C0A3 /* discoverVC.h */,
				CC5E41F11BF4C85D0079C0A3 /* discoverVC.m */,
			);
			name = discover;
			sourceTree = "<group>";
		};
		CC5E41F31BF4CC9B0079C0A3 /* loginVC */ = {
			isa = PBXGroup;
			children = (
				CC5E41F41BF4CCC80079C0A3 /* loginVC.h */,
				CC5E41F51BF4CCC80079C0A3 /* loginVC.m */,
			);
			name = loginVC;
			sourceTree = "<group>";
		};
		CC5E41F71BF4CD5C0079C0A3 /* AFNetworking */ = {
			isa = PBXGroup;
			children = (
				CC5E41F81BF4CD5C0079C0A3 /* AFHTTPRequestOperation.h */,
				CC5E41F91BF4CD5C0079C0A3 /* AFHTTPRequestOperation.m */,
				CC5E41FA1BF4CD5C0079C0A3 /* AFHTTPRequestOperationManager.h */,
				CC5E41FB1BF4CD5C0079C0A3 /* AFHTTPRequestOperationManager.m */,
				CC5E41FC1BF4CD5C0079C0A3 /* AFHTTPSessionManager.h */,
				CC5E41FD1BF4CD5C0079C0A3 /* AFHTTPSessionManager.m */,
				CC5E41FE1BF4CD5C0079C0A3 /* AFNetworking.h */,
				CC5E41FF1BF4CD5C0079C0A3 /* AFNetworkReachabilityManager.h */,
				CC5E42001BF4CD5C0079C0A3 /* AFNetworkReachabilityManager.m */,
				CC5E42011BF4CD5C0079C0A3 /* AFSecurityPolicy.h */,
				CC5E42021BF4CD5C0079C0A3 /* AFSecurityPolicy.m */,
				CC5E42031BF4CD5C0079C0A3 /* AFURLConnectionOperation.h */,
				CC5E42041BF4CD5C0079C0A3 /* AFURLConnectionOperation.m */,
				CC5E42051BF4CD5C0079C0A3 /* AFURLRequestSerialization.h */,
				CC5E42061BF4CD5C0079C0A3 /* AFURLRequestSerialization.m */,
				CC5E42071BF4CD5C0079C0A3 /* AFURLResponseSerialization.h */,
				CC5E42081BF4CD5C0079C0A3 /* AFURLResponseSerialization.m */,
				CC5E42091BF4CD5C0079C0A3 /* AFURLSessionManager.h */,
				CC5E420A1BF4CD5C0079C0A3 /* AFURLSessionManager.m */,
			);
			path = AFNetworking;
			sourceTree = "<group>";
		};
		CCEE70821BF0838200DFD65D /* View */ = {
			isa = PBXGroup;
			children = (
				CC2C97031BF0314D004DF239 /* Main.storyboard */,
				CC2C97081BF0314D004DF239 /* LaunchScreen.xib */,
			);
			name = View;
			sourceTree = "<group>";
		};
		CCEE70831BF0838500DFD65D /* Model */ = {
			isa = PBXGroup;
			children = (
				CC5E41E61BF4B6020079C0A3 /* Account.h */,
				CC5E41E71BF4B6020079C0A3 /* Account.m */,
			);
			name = Model;
			sourceTree = "<group>";
		};
		CCEE70841BF0838800DFD65D /* Controller */ = {
			isa = PBXGroup;
			children = (
				CC5E41F31BF4CC9B0079C0A3 /* loginVC */,
				CC5E41EF1BF4C8360079C0A3 /* discover */,
				CC5E41DE1BF4B41A0079C0A3 /* SetingVC */,
				CC5E41DA1BF43FD90079C0A3 /* MainVC */,
				CCEE70861BF0850200DFD65D /* GuideViewController.h */,
				CCEE70871BF0850200DFD65D /* GuideViewController.m */,
			);
			name = Controller;
			sourceTree = "<group>";
		};
		CCEE70851BF0838C00DFD65D /* Other */ = {
			isa = PBXGroup;
			children = (
				CC5E41F71BF4CD5C0079C0A3 /* AFNetworking */,
				CC2C96FD1BF0314D004DF239 /* AppDelegate.h */,
				CC2C96FE1BF0314D004DF239 /* AppDelegate.m */,
				CC5E41E51BF4B4800079C0A3 /* Common.h */,
				CC5E41E91BF4B8780079C0A3 /* NSString+DocumentFilePath.h */,
				CC5E41EA1BF4B8780079C0A3 /* NSString+DocumentFilePath.m */,
				CC5E41EC1BF4C3110079C0A3 /* UITableView+IndexWithIndexPath.h */,
				CC5E41ED1BF4C3110079C0A3 /* UITableView+IndexWithIndexPath.m */,
			);
			name = Other;
			sourceTree = "<group>";
		};
/* End PBXGroup section */

/* Begin PBXNativeTarget section */
		CC2C96F51BF0314D004DF239 /* weibo */ = {
			isa = PBXNativeTarget;
			buildConfigurationList = CC2C97191BF0314D004DF239 /* Build configuration list for PBXNativeTarget "weibo" */;
			buildPhases = (
				CC2C96F21BF0314D004DF239 /* Sources */,
				CC2C96F31BF0314D004DF239 /* Frameworks */,
				CC2C96F41BF0314D004DF239 /* Resources */,
			);
			buildRules = (
			);
			dependencies = (
			);
			name = weibo;
			productName = weibo;
			productReference = CC2C96F61BF0314D004DF239 /* weibo.app */;
			productType = "com.apple.product-type.application";
		};
		CC2C970E1BF0314D004DF239 /* weiboTests */ = {
			isa = PBXNativeTarget;
			buildConfigurationList = CC2C971C1BF0314D004DF239 /* Build configuration list for PBXNativeTarget "weiboTests" */;
			buildPhases = (
				CC2C970B1BF0314D004DF239 /* Sources */,
				CC2C970C1BF0314D004DF239 /* Frameworks */,
				CC2C970D1BF0314D004DF239 /* Resources */,
			);
			buildRules = (
			);
			dependencies = (
				CC2C97111BF0314D004DF239 /* PBXTargetDependency */,
			);
			name = weiboTests;
			productName = weiboTests;
			productReference = CC2C970F1BF0314D004DF239 /* weiboTests.xctest */;
			productType = "com.apple.product-type.bundle.unit-test";
		};
/* End PBXNativeTarget section */

/* Begin PBXProject section */
		CC2C96EE1BF0314D004DF239 /* Project object */ = {
			isa = PBXProject;
			attributes = {
				LastUpgradeCheck = 0640;
				ORGANIZATIONNAME = "张雪城";
				TargetAttributes = {
					CC2C96F51BF0314D004DF239 = {
						CreatedOnToolsVersion = 6.4;
					};
					CC2C970E1BF0314D004DF239 = {
						CreatedOnToolsVersion = 6.4;
						TestTargetID = CC2C96F51BF0314D004DF239;
					};
				};
			};
			buildConfigurationList = CC2C96F11BF0314D004DF239 /* Build configuration list for PBXProject "weibo" */;
			compatibilityVersion = "Xcode 3.2";
			developmentRegion = English;
			hasScannedForEncodings = 0;
			knownRegions = (
				en,
				Base,
			);
			mainGroup = CC2C96ED1BF0314D004DF239;
			productRefGroup = CC2C96F71BF0314D004DF239 /* Products */;
			projectDirPath = "";
			projectRoot = "";
			targets = (
				CC2C96F51BF0314D004DF239 /* weibo */,
				CC2C970E1BF0314D004DF239 /* weiboTests */,
			);
		};
/* End PBXProject section */

/* Begin PBXResourcesBuildPhase section */
		CC2C96F41BF0314D004DF239 /* Resources */ = {
			isa = PBXResourcesBuildPhase;
			buildActionMask = 2147483647;
			files = (
				CC2C97051BF0314D004DF239 /* Main.storyboard in Resources */,
				CC2C970A1BF0314D004DF239 /* LaunchScreen.xib in Resources */,
				CC2C97071BF0314D004DF239 /* Images.xcassets in Resources */,
			);
			runOnlyForDeploymentPostprocessing = 0;
		};
		CC2C970D1BF0314D004DF239 /* Resources */ = {
			isa = PBXResourcesBuildPhase;
			buildActionMask = 2147483647;
			files = (
			);
			runOnlyForDeploymentPostprocessing = 0;
		};
/* End PBXResourcesBuildPhase section */

/* Begin PBXSourcesBuildPhase section */
		CC2C96F21BF0314D004DF239 /* Sources */ = {
			isa = PBXSourcesBuildPhase;
			buildActionMask = 2147483647;
			files = (
				CC5E42101BF4CD5C0079C0A3 /* AFURLConnectionOperation.m in Sources */,
				CC5E41F61BF4CCC80079C0A3 /* loginVC.m in Sources */,
				CC5E420F1BF4CD5C0079C0A3 /* AFSecurityPolicy.m in Sources */,
				CC5E41EE1BF4C3110079C0A3 /* UITableView+IndexWithIndexPath.m in Sources */,
				CC5E420C1BF4CD5C0079C0A3 /* AFHTTPRequestOperationManager.m in Sources */,
				CC2C96FF1BF0314D004DF239 /* AppDelegate.m in Sources */,
				CC5E41EB1BF4B8780079C0A3 /* NSString+DocumentFilePath.m in Sources */,
				CC5E41DD1BF440110079C0A3 /* MainVC.m in Sources */,
				CC5E41E41BF4B46E0079C0A3 /* SetingVC.m in Sources */,
				CC5E41E81BF4B6020079C0A3 /* Account.m in Sources */,
				CC5E42131BF4CD5C0079C0A3 /* AFURLSessionManager.m in Sources */,
				CC5E42121BF4CD5C0079C0A3 /* AFURLResponseSerialization.m in Sources */,
				CC5E41F21BF4C85D0079C0A3 /* discoverVC.m in Sources */,
				CC2C96FC1BF0314D004DF239 /* main.m in Sources */,
				CC5E42111BF4CD5C0079C0A3 /* AFURLRequestSerialization.m in Sources */,
				CC5E420E1BF4CD5C0079C0A3 /* AFNetworkReachabilityManager.m in Sources */,
				CCEE70881BF0850200DFD65D /* GuideViewController.m in Sources */,
				CC5E420B1BF4CD5C0079C0A3 /* AFHTTPRequestOperation.m in Sources */,
				CC5E420D1BF4CD5C0079C0A3 /* AFHTTPSessionManager.m in Sources */,
			);
			runOnlyForDeploymentPostprocessing = 0;
		};
		CC2C970B1BF0314D004DF239 /* Sources */ = {
			isa = PBXSourcesBuildPhase;
			buildActionMask = 2147483647;
			files = (
				CC2C97161BF0314D004DF239 /* weiboTests.m in Sources */,
			);
			runOnlyForDeploymentPostprocessing = 0;
		};
/* End PBXSourcesBuildPhase section */

/* Begin PBXTargetDependency section */
		CC2C97111BF0314D004DF239 /* PBXTargetDependency */ = {
			isa = PBXTargetDependency;
			target = CC2C96F51BF0314D004DF239 /* weibo */;
			targetProxy = CC2C97101BF0314D004DF239 /* PBXContainerItemProxy */;
		};
/* End PBXTargetDependency section */

/* Begin PBXVariantGroup section */
		CC2C97031BF0314D004DF239 /* Main.storyboard */ = {
			isa = PBXVariantGroup;
			children = (
				CC2C97041BF0314D004DF239 /* Base */,
			);
			name = Main.storyboard;
			sourceTree = "<group>";
		};
		CC2C97081BF0314D004DF239 /* LaunchScreen.xib */ = {
			isa = PBXVariantGroup;
			children = (
				CC2C97091BF0314D004DF239 /* Base */,
			);
			name = LaunchScreen.xib;
			sourceTree = "<group>";
		};
/* End PBXVariantGroup section */

/* Begin XCBuildConfiguration section */
		CC2C97171BF0314D004DF239 /* Debug */ = {
			isa = XCBuildConfiguration;
			buildSettings = {
				ALWAYS_SEARCH_USER_PATHS = NO;
				CLANG_CXX_LANGUAGE_STANDARD = "gnu++0x";
				CLANG_CXX_LIBRARY = "libc++";
				CLANG_ENABLE_MODULES = YES;
				CLANG_ENABLE_OBJC_ARC = YES;
				CLANG_WARN_BOOL_CONVERSION = YES;
				CLANG_WARN_CONSTANT_CONVERSION = YES;
				CLANG_WARN_DIRECT_OBJC_ISA_USAGE = YES_ERROR;
				CLANG_WARN_EMPTY_BODY = YES;
				CLANG_WARN_ENUM_CONVERSION = YES;
				CLANG_WARN_INT_CONVERSION = YES;
				CLANG_WARN_OBJC_ROOT_CLASS = YES_ERROR;
				CLANG_WARN_UNREACHABLE_CODE = YES;
				CLANG_WARN__DUPLICATE_METHOD_MATCH = YES;
				"CODE_SIGN_IDENTITY[sdk=iphoneos*]" = "iPhone Developer";
				COPY_PHASE_STRIP = NO;
				DEBUG_INFORMATION_FORMAT = "dwarf-with-dsym";
				ENABLE_STRICT_OBJC_MSGSEND = YES;
				GCC_C_LANGUAGE_STANDARD = gnu99;
				GCC_DYNAMIC_NO_PIC = NO;
				GCC_NO_COMMON_BLOCKS = YES;
				GCC_OPTIMIZATION_LEVEL = 0;
				GCC_PREPROCESSOR_DEFINITIONS = (
					"DEBUG=1",
					"$(inherited)",
				);
				GCC_SYMBOLS_PRIVATE_EXTERN = NO;
				GCC_WARN_64_TO_32_BIT_CONVERSION = YES;
				GCC_WARN_ABOUT_RETURN_TYPE = YES_ERROR;
				GCC_WARN_UNDECLARED_SELECTOR = YES;
				GCC_WARN_UNINITIALIZED_AUTOS = YES_AGGRESSIVE;
				GCC_WARN_UNUSED_FUNCTION = YES;
				GCC_WARN_UNUSED_VARIABLE = YES;
				IPHONEOS_DEPLOYMENT_TARGET = 8.4;
				MTL_ENABLE_DEBUG_INFO = YES;
				ONLY_ACTIVE_ARCH = YES;
				SDKROOT = iphoneos;
			};
			name = Debug;
		};
		CC2C97181BF0314D004DF239 /* Release */ = {
			isa = XCBuildConfiguration;
			buildSettings = {
				ALWAYS_SEARCH_USER_PATHS = NO;
				CLANG_CXX_LANGUAGE_STANDARD = "gnu++0x";
				CLANG_CXX_LIBRARY = "libc++";
				CLANG_ENABLE_MODULES = YES;
				CLANG_ENABLE_OBJC_ARC = YES;
				CLANG_WARN_BOOL_CONVERSION = YES;
				CLANG_WARN_CONSTANT_CONVERSION = YES;
				CLANG_WARN_DIRECT_OBJC_ISA_USAGE = YES_ERROR;
				CLANG_WARN_EMPTY_BODY = YES;
				CLANG_WARN_ENUM_CONVERSION = YES;
				CLANG_WARN_INT_CONVERSION = YES;
				CLANG_WARN_OBJC_ROOT_CLASS = YES_ERROR;
				CLANG_WARN_UNREACHABLE_CODE = YES;
				CLANG_WARN__DUPLICATE_METHOD_MATCH = YES;
				"CODE_SIGN_IDENTITY[sdk=iphoneos*]" = "iPhone Developer";
				COPY_PHASE_STRIP = NO;
				DEBUG_INFORMATION_FORMAT = "dwarf-with-dsym";
				ENABLE_NS_ASSERTIONS = NO;
				ENABLE_STRICT_OBJC_MSGSEND = YES;
				GCC_C_LANGUAGE_STANDARD = gnu99;
				GCC_NO_COMMON_BLOCKS = YES;
				GCC_WARN_64_TO_32_BIT_CONVERSION = YES;
				GCC_WARN_ABOUT_RETURN_TYPE = YES_ERROR;
				GCC_WARN_UNDECLARED_SELECTOR = YES;
				GCC_WARN_UNINITIALIZED_AUTOS = YES_AGGRESSIVE;
				GCC_WARN_UNUSED_FUNCTION = YES;
				GCC_WARN_UNUSED_VARIABLE = YES;
				IPHONEOS_DEPLOYMENT_TARGET = 8.4;
				MTL_ENABLE_DEBUG_INFO = NO;
				SDKROOT = iphoneos;
				VALIDATE_PRODUCT = YES;
			};
			name = Release;
		};
		CC2C971A1BF0314D004DF239 /* Debug */ = {
			isa = XCBuildConfiguration;
			buildSettings = {
				ASSETCATALOG_COMPILER_APPICON_NAME = AppIcon;
				ASSETCATALOG_COMPILER_LAUNCHIMAGE_NAME = LaunchImage;
				INFOPLIST_FILE = weibo/Info.plist;
				IPHONEOS_DEPLOYMENT_TARGET = 8.0;
				LD_RUNPATH_SEARCH_PATHS = "$(inherited) @executable_path/Frameworks";
				PRODUCT_NAME = "$(TARGET_NAME)";
				TARGETED_DEVICE_FAMILY = 1;
			};
			name = Debug;
		};
		CC2C971B1BF0314D004DF239 /* Release */ = {
			isa = XCBuildConfiguration;
			buildSettings = {
				ASSETCATALOG_COMPILER_APPICON_NAME = AppIcon;
				ASSETCATALOG_COMPILER_LAUNCHIMAGE_NAME = LaunchImage;
				INFOPLIST_FILE = weibo/Info.plist;
				IPHONEOS_DEPLOYMENT_TARGET = 8.0;
				LD_RUNPATH_SEARCH_PATHS = "$(inherited) @executable_path/Frameworks";
				PRODUCT_NAME = "$(TARGET_NAME)";
				TARGETED_DEVICE_FAMILY = 1;
			};
			name = Release;
		};
		CC2C971D1BF0314D004DF239 /* Debug */ = {
			isa = XCBuildConfiguration;
			buildSettings = {
				BUNDLE_LOADER = "$(TEST_HOST)";
				FRAMEWORK_SEARCH_PATHS = (
					"$(SDKROOT)/Developer/Library/Frameworks",
					"$(inherited)",
				);
				GCC_PREPROCESSOR_DEFINITIONS = (
					"DEBUG=1",
					"$(inherited)",
				);
				INFOPLIST_FILE = weiboTests/Info.plist;
				LD_RUNPATH_SEARCH_PATHS = "$(inherited) @executable_path/Frameworks @loader_path/Frameworks";
				PRODUCT_NAME = "$(TARGET_NAME)";
				TEST_HOST = "$(BUILT_PRODUCTS_DIR)/weibo.app/weibo";
			};
			name = Debug;
		};
		CC2C971E1BF0314D004DF239 /* Release */ = {
			isa = XCBuildConfiguration;
			buildSettings = {
				BUNDLE_LOADER = "$(TEST_HOST)";
				FRAMEWORK_SEARCH_PATHS = (
					"$(SDKROOT)/Developer/Library/Frameworks",
					"$(inherited)",
				);
				INFOPLIST_FILE = weiboTests/Info.plist;
				LD_RUNPATH_SEARCH_PATHS = "$(inherited) @executable_path/Frameworks @loader_path/Frameworks";
				PRODUCT_NAME = "$(TARGET_NAME)";
				TEST_HOST = "$(BUILT_PRODUCTS_DIR)/weibo.app/weibo";
			};
			name = Release;
		};
/* End XCBuildConfiguration section */

/* Begin XCConfigurationList section */
		CC2C96F11BF0314D004DF239 /* Build configuration list for PBXProject "weibo" */ = {
			isa = XCConfigurationList;
			buildConfigurations = (
				CC2C97171BF0314D004DF239 /* Debug */,
				CC2C97181BF0314D004DF239 /* Release */,
			);
			defaultConfigurationIsVisible = 0;
			defaultConfigurationName = Release;
		};
		CC2C97191BF0314D004DF239 /* Build configuration list for PBXNativeTarget "weibo" */ = {
			isa = XCConfigurationList;
			buildConfigurations = (
				CC2C971A1BF0314D004DF239 /* Debug */,
				CC2C971B1BF0314D004DF239 /* Release */,
			);
			defaultConfigurationIsVisible = 0;
			defaultConfigurationName = Release;
		};
		CC2C971C1BF0314D004DF239 /* Build configuration list for PBXNativeTarget "weiboTests" */ = {
			isa = XCConfigurationList;
			buildConfigurations = (
				CC2C971D1BF0314D004DF239 /* Debug */,
				CC2C971E1BF0314D004DF239 /* Release */,
			);
			defaultConfigurationIsVisible = 0;
			defaultConfigurationName = Release;
		};
/* End XCConfigurationList section */
	};
	rootObject = CC2C96EE1BF0314D004DF239 /* Project object */;
}
