// !$*UTF8*$!
{
	archiveVersion = 1;
	classes = {
	};
	objectVersion = 46;
	objects = {

/* Begin PBXBuildFile section */
		CC2C96FC1BF0314D004DF239 /* main.m in Sources */ = {isa = PBXBuildFile; fileRef = CC2C96FB1BF0314D004DF239 /* main.m */; };
		CC2C96FF1BF0314D004DF239 /* AppDelegate.m in Sources */ = {isa = PBXBuildFile; fileRef = CC2C96FE1BF0314D004DF239 /* AppDelegate.m */; };
		CC2C97051BF0314D004DF239 /* Main.storyboard in Resources */ = {isa = PBXBuildFile; fileRef = CC2C97031BF0314D004DF239 /* Main.storyboard */; };
		CC2C97071BF0314D004DF239 /* Images.xcassets in Resources */ = {isa = PBXBuildFile; fileRef = CC2C97061BF0314D004DF239 /* Images.xcassets */; };
		CC2C970A1BF0314D004DF239 /* LaunchScreen.xib in Resources */ = {isa = PBXBuildFile; fileRef = CC2C97081BF0314D004DF239 /* LaunchScreen.xib */; };
		CC2C97161BF0314D004DF239 /* weiboTests.m in Sources */ = {isa = PBXBuildFile; fileRef = CC2C97151BF0314D004DF239 /* weiboTests.m */; };
		CC5E41DD1BF440110079C0A3 /* MainVC.m in Sources */ = {isa = PBXBuildFile; fileRef = CC5E41DC1BF440110079C0A3 /* MainVC.m */; };
		CC5E41E41BF4B46E0079C0A3 /* SetingVC.m in Sources */ = {isa = PBXBuildFile; fileRef = CC5E41E31BF4B46E0079C0A3 /* SetingVC.m */; };
		CC5E41E81BF4B6020079C0A3 /* Account.m in Sources */ = {isa = PBXBuildFile; fileRef = CC5E41E71BF4B6020079C0A3 /* Account.m */; };
		CC5E41EB1BF4B8780079C0A3 /* NSString+DocumentFilePath.m in Sources */ = {isa = PBXBuildFile; fileRef = CC5E41EA1BF4B8780079C0A3 /* NSString+DocumentFilePath.m */; };
		CC5E41EE1BF4C3110079C0A3 /* UITableView+IndexWithIndexPath.m in Sources */ = {isa = PBXBuildFile; fileRef = CC5E41ED1BF4C3110079C0A3 /* UITableView+IndexWithIndexPath.m */; };
		CC5E41F21BF4C85D0079C0A3 /* discoverVC.m in Sources */ = {isa = PBXBuildFile; fileRef = CC5E41F11BF4C85D0079C0A3 /* discoverVC.m */; };
		CC5E41F61BF4CCC80079C0A3 /* loginVC.m in Sources */ = {isa = PBXBuildFile; fileRef = CC5E41F51BF4CCC80079C0A3 /* loginVC.m */; };
		CC5E420B1BF4CD5C0079C0A3 /* AFHTTPRequestOperation.m in Sources */ = {isa = PBXBuildFile; fileRef = CC5E41F91BF4CD5C0079C0A3 /* AFHTTPRequestOperation.m */; };
		CC5E420C1BF4CD5C0079C0A3 /* AFHTTPRequestOperationManager.m in Sources */ = {isa = PBXBuildFile; fileRef = CC5E41FB1BF4CD5C0079C0A3 /* AFHTTPRequestOperationManager.m */; };
		CC5E420D1BF4CD5C0079C0A3 /* AFHTTPSessionManager.m in Sources */ = {isa = PBXBuildFile; fileRef = CC5E41FD1BF4CD5C0079C0A3 /* AFHTTPSessionManager.m */; };
		CC5E420E1BF4CD5C0079C0A3 /* AFNetworkReachabilityManager.m in Sources */ = {isa = PBXBuildFile; fileRef = CC5E42001BF4CD5C0079C0A3 /* AFNetworkReachabilityManager.m */; };
		CC5E420F1BF4CD5C0079C0A3 /* AFSecurityPolicy.m in Sources */ = {isa = PBXBuildFile; fileRef = CC5E42021BF4CD5C0079C0A3 /* AFSecurityPolicy.m */; };
		CC5E42101BF4CD5C0079C0A3 /* AFURLConnectionOperation.m in Sources */ = {isa = PBXBuildFile; fileRef = CC5E42041BF4CD5C0079C0A3 /* AFURLConnectionOperation.m */; };
		CC5E42111BF4CD5C0079C0A3 /* AFURLRequestSerialization.m in Sources */ = {isa = PBXBuildFile; fileRef = CC5E42061BF4CD5C0079C0A3 /* AFURLRequestSerialization.m */; };
		CC5E42121BF4CD5C0079C0A3 /* AFURLResponseSerialization.m in Sources */ = {isa = PBXBuildFile; fileRef = CC5E42081BF4CD5C0079C0A3 /* AFURLResponseSerialization.m */; };
		CC5E42131BF4CD5C0079C0A3 /* AFURLSessionManager.m in Sources */ = {isa = PBXBuildFile; fileRef = CC5E420A1BF4CD5C0079C0A3 /* AFURLSessionManager.m */; };
		CC750C6E1BFDF98B007B5940 /* status.db in Resources */ = {isa = PBXBuildFile; fileRef = CC750C6D1BFDF98B007B5940 /* status.db */; };
		CC7602FC1BF9FA230053E406 /* FMDatabase.m in Sources */ = {isa = PBXBuildFile; fileRef = CC7602F21BF9FA230053E406 /* FMDatabase.m */; };
		CC7602FD1BF9FA230053E406 /* FMDatabaseAdditions.m in Sources */ = {isa = PBXBuildFile; fileRef = CC7602F41BF9FA230053E406 /* FMDatabaseAdditions.m */; };
		CC7602FE1BF9FA230053E406 /* FMDatabasePool.m in Sources */ = {isa = PBXBuildFile; fileRef = CC7602F61BF9FA230053E406 /* FMDatabasePool.m */; };
		CC7602FF1BF9FA230053E406 /* FMDatabaseQueue.m in Sources */ = {isa = PBXBuildFile; fileRef = CC7602F81BF9FA230053E406 /* FMDatabaseQueue.m */; };
		CC7603001BF9FA230053E406 /* FMResultSet.m in Sources */ = {isa = PBXBuildFile; fileRef = CC7602FB1BF9FA230053E406 /* FMResultSet.m */; };
		CC7603231BF9FA4C0053E406 /* MKAnnotationView+WebCache.m in Sources */ = {isa = PBXBuildFile; fileRef = CC7603031BF9FA4C0053E406 /* MKAnnotationView+WebCache.m */; };
		CC7603241BF9FA4C0053E406 /* NSData+ImageContentType.m in Sources */ = {isa = PBXBuildFile; fileRef = CC7603051BF9FA4C0053E406 /* NSData+ImageContentType.m */; };
		CC7603251BF9FA4C0053E406 /* SDImageCache.m in Sources */ = {isa = PBXBuildFile; fileRef = CC7603071BF9FA4C0053E406 /* SDImageCache.m */; };
		CC7603261BF9FA4C0053E406 /* SDWebImageCompat.m in Sources */ = {isa = PBXBuildFile; fileRef = CC7603091BF9FA4C0053E406 /* SDWebImageCompat.m */; };
		CC7603271BF9FA4C0053E406 /* SDWebImageDecoder.m in Sources */ = {isa = PBXBuildFile; fileRef = CC76030B1BF9FA4C0053E406 /* SDWebImageDecoder.m */; };
		CC7603281BF9FA4C0053E406 /* SDWebImageDownloader.m in Sources */ = {isa = PBXBuildFile; fileRef = CC76030D1BF9FA4C0053E406 /* SDWebImageDownloader.m */; };
		CC7603291BF9FA4C0053E406 /* SDWebImageDownloaderOperation.m in Sources */ = {isa = PBXBuildFile; fileRef = CC76030F1BF9FA4C0053E406 /* SDWebImageDownloaderOperation.m */; };
		CC76032A1BF9FA4C0053E406 /* SDWebImageManager.m in Sources */ = {isa = PBXBuildFile; fileRef = CC7603111BF9FA4C0053E406 /* SDWebImageManager.m */; };
		CC76032B1BF9FA4C0053E406 /* SDWebImagePrefetcher.m in Sources */ = {isa = PBXBuildFile; fileRef = CC7603141BF9FA4C0053E406 /* SDWebImagePrefetcher.m */; };
		CC76032C1BF9FA4C0053E406 /* UIButton+WebCache.m in Sources */ = {isa = PBXBuildFile; fileRef = CC7603161BF9FA4C0053E406 /* UIButton+WebCache.m */; };
		CC76032D1BF9FA4C0053E406 /* UIImage+GIF.m in Sources */ = {isa = PBXBuildFile; fileRef = CC7603181BF9FA4C0053E406 /* UIImage+GIF.m */; };
		CC76032E1BF9FA4C0053E406 /* UIImage+MultiFormat.m in Sources */ = {isa = PBXBuildFile; fileRef = CC76031A1BF9FA4C0053E406 /* UIImage+MultiFormat.m */; };
		CC76032F1BF9FA4C0053E406 /* UIImage+WebP.m in Sources */ = {isa = PBXBuildFile; fileRef = CC76031C1BF9FA4C0053E406 /* UIImage+WebP.m */; };
		CC7603301BF9FA4C0053E406 /* UIImageView+HighlightedWebCache.m in Sources */ = {isa = PBXBuildFile; fileRef = CC76031E1BF9FA4C0053E406 /* UIImageView+HighlightedWebCache.m */; };
		CC7603311BF9FA4C0053E406 /* UIImageView+WebCache.m in Sources */ = {isa = PBXBuildFile; fileRef = CC7603201BF9FA4C0053E406 /* UIImageView+WebCache.m */; };
		CC7603321BF9FA4C0053E406 /* UIView+WebCacheOperation.m in Sources */ = {isa = PBXBuildFile; fileRef = CC7603221BF9FA4C0053E406 /* UIView+WebCacheOperation.m */; };
		CC7603341BF9FA6C0053E406 /* libsqlite3.dylib in Frameworks */ = {isa = PBXBuildFile; fileRef = CC7603331BF9FA6C0053E406 /* libsqlite3.dylib */; };
		CC7603371BFA00ED0053E406 /* StatusTableViewCell.m in Sources */ = {isa = PBXBuildFile; fileRef = CC7603361BFA00ED0053E406 /* StatusTableViewCell.m */; };
		CC76033E1BFA02850053E406 /* HomeVC.m in Sources */ = {isa = PBXBuildFile; fileRef = CC76033D1BFA02850053E406 /* HomeVC.m */; };
		CC7603411BFA0A3B0053E406 /* StatusModel.m in Sources */ = {isa = PBXBuildFile; fileRef = CC7603401BFA0A3B0053E406 /* StatusModel.m */; };
		CCE8AF1B1BFABE2600C08FA2 /* NSDateFormatter+StatusDate.m in Sources */ = {isa = PBXBuildFile; fileRef = CCE8AF1A1BFABE2600C08FA2 /* NSDateFormatter+StatusDate.m */; };
		CCE8AF1E1BFAC0A700C08FA2 /* UserModel.m in Sources */ = {isa = PBXBuildFile; fileRef = CCE8AF1D1BFAC0A700C08FA2 /* UserModel.m */; };
		CCE8AF211BFAC0E100C08FA2 /* DataBaseEngine.m in Sources */ = {isa = PBXBuildFile; fileRef = CCE8AF201BFAC0E100C08FA2 /* DataBaseEngine.m */; };
		CCEE70881BF0850200DFD65D /* GuideViewController.m in Sources */ = {isa = PBXBuildFile; fileRef = CCEE70871BF0850200DFD65D /* GuideViewController.m */; };
/* End PBXBuildFile section */

/* Begin PBXContainerItemProxy section */
		CC2C97101BF0314D004DF239 /* PBXContainerItemProxy */ = {
			isa = PBXContainerItemProxy;
			containerPortal = CC2C96EE1BF0314D004DF239 /* Project object */;
			proxyType = 1;
			remoteGlobalIDString = CC2C96F51BF0314D004DF239;
			remoteInfo = weibo;
		};
/* End PBXContainerItemProxy section */

/* Begin PBXFileReference section */
		CC2C96F61BF0314D004DF239 /* weibo.app */ = {isa = PBXFileReference; explicitFileType = wrapper.application; includeInIndex = 0; path = weibo.app; sourceTree = BUILT_PRODUCTS_DIR; };
		CC2C96FA1BF0314D004DF239 /* Info.plist */ = {isa = PBXFileReference; lastKnownFileType = text.plist.xml; path = Info.plist; sourceTree = "<group>"; };
		CC2C96FB1BF0314D004DF239 /* main.m */ = {isa = PBXFileReference; lastKnownFileType = sourcecode.c.objc; path = main.m; sourceTree = "<group>"; };
		CC2C96FD1BF0314D004DF239 /* AppDelegate.h */ = {isa = PBXFileReference; lastKnownFileType = sourcecode.c.h; path = AppDelegate.h; sourceTree = "<group>"; };
		CC2C96FE1BF0314D004DF239 /* AppDelegate.m */ = {isa = PBXFileReference; lastKnownFileType = sourcecode.c.objc; path = AppDelegate.m; sourceTree = "<group>"; };
		CC2C97041BF0314D004DF239 /* Base */ = {isa = PBXFileReference; lastKnownFileType = file.storyboard; name = Base; path = Base.lproj/Main.storyboard; sourceTree = "<group>"; };
		CC2C97061BF0314D004DF239 /* Images.xcassets */ = {isa = PBXFileReference; lastKnownFileType = folder.assetcatalog; path = Images.xcassets; sourceTree = "<group>"; };
		CC2C97091BF0314D004DF239 /* Base */ = {isa = PBXFileReference; lastKnownFileType = file.xib; name = Base; path = Base.lproj/LaunchScreen.xib; sourceTree = "<group>"; };
		CC2C970F1BF0314D004DF239 /* weiboTests.xctest */ = {isa = PBXFileReference; explicitFileType = wrapper.cfbundle; includeInIndex = 0; path = weiboTests.xctest; sourceTree = BUILT_PRODUCTS_DIR; };
		CC2C97141BF0314D004DF239 /* Info.plist */ = {isa = PBXFileReference; lastKnownFileType = text.plist.xml; path = Info.plist; sourceTree = "<group>"; };
		CC2C97151BF0314D004DF239 /* weiboTests.m */ = {isa = PBXFileReference; lastKnownFileType = sourcecode.c.objc; path = weiboTests.m; sourceTree = "<group>"; };
		CC5E41DB1BF440110079C0A3 /* MainVC.h */ = {isa = PBXFileReference; fileEncoding = 4; lastKnownFileType = sourcecode.c.h; path = MainVC.h; sourceTree = "<group>"; };
		CC5E41DC1BF440110079C0A3 /* MainVC.m */ = {isa = PBXFileReference; fileEncoding = 4; lastKnownFileType = sourcecode.c.objc; path = MainVC.m; sourceTree = "<group>"; };
		CC5E41E21BF4B46E0079C0A3 /* SetingVC.h */ = {isa = PBXFileReference; fileEncoding = 4; lastKnownFileType = sourcecode.c.h; path = SetingVC.h; sourceTree = "<group>"; };
		CC5E41E31BF4B46E0079C0A3 /* SetingVC.m */ = {isa = PBXFileReference; fileEncoding = 4; lastKnownFileType = sourcecode.c.objc; path = SetingVC.m; sourceTree = "<group>"; };
		CC5E41E51BF4B4800079C0A3 /* Common.h */ = {isa = PBXFileReference; lastKnownFileType = sourcecode.c.h; path = Common.h; sourceTree = "<group>"; };
		CC5E41E61BF4B6020079C0A3 /* Account.h */ = {isa = PBXFileReference; fileEncoding = 4; lastKnownFileType = sourcecode.c.h; path = Account.h; sourceTree = "<group>"; };
		CC5E41E71BF4B6020079C0A3 /* Account.m */ = {isa = PBXFileReference; fileEncoding = 4; lastKnownFileType = sourcecode.c.objc; path = Account.m; sourceTree = "<group>"; };
		CC5E41E91BF4B8780079C0A3 /* NSString+DocumentFilePath.h */ = {isa = PBXFileReference; fileEncoding = 4; lastKnownFileType = sourcecode.c.h; path = "NSString+DocumentFilePath.h"; sourceTree = "<group>"; };
		CC5E41EA1BF4B8780079C0A3 /* NSString+DocumentFilePath.m */ = {isa = PBXFileReference; fileEncoding = 4; lastKnownFileType = sourcecode.c.objc; path = "NSString+DocumentFilePath.m"; sourceTree = "<group>"; };
		CC5E41EC1BF4C3110079C0A3 /* UITableView+IndexWithIndexPath.h */ = {isa = PBXFileReference; fileEncoding = 4; lastKnownFileType = sourcecode.c.h; path = "UITableView+IndexWithIndexPath.h"; sourceTree = "<group>"; };
		CC5E41ED1BF4C3110079C0A3 /* UITableView+IndexWithIndexPath.m */ = {isa = PBXFileReference; fileEncoding = 4; lastKnownFileType = sourcecode.c.objc; path = "UITableView+IndexWithIndexPath.m"; sourceTree = "<group>"; };
		CC5E41F01BF4C85D0079C0A3 /* discoverVC.h */ = {isa = PBXFileReference; fileEncoding = 4; lastKnownFileType = sourcecode.c.h; path = discoverVC.h; sourceTree = "<group>"; };
		CC5E41F11BF4C85D0079C0A3 /* discoverVC.m */ = {isa = PBXFileReference; fileEncoding = 4; lastKnownFileType = sourcecode.c.objc; path = discoverVC.m; sourceTree = "<group>"; };
		CC5E41F41BF4CCC80079C0A3 /* loginVC.h */ = {isa = PBXFileReference; fileEncoding = 4; lastKnownFileType = sourcecode.c.h; path = loginVC.h; sourceTree = "<group>"; };
		CC5E41F51BF4CCC80079C0A3 /* loginVC.m */ = {isa = PBXFileReference; fileEncoding = 4; lastKnownFileType = sourcecode.c.objc; path = loginVC.m; sourceTree = "<group>"; };
		CC5E41F81BF4CD5C0079C0A3 /* AFHTTPRequestOperation.h */ = {isa = PBXFileReference; fileEncoding = 4; lastKnownFileType = sourcecode.c.h; path = AFHTTPRequestOperation.h; sourceTree = "<group>"; };
		CC5E41F91BF4CD5C0079C0A3 /* AFHTTPRequestOperation.m */ = {isa = PBXFileReference; fileEncoding = 4; lastKnownFileType = sourcecode.c.objc; path = AFHTTPRequestOperation.m; sourceTree = "<group>"; };
		CC5E41FA1BF4CD5C0079C0A3 /* AFHTTPRequestOperationManager.h */ = {isa = PBXFileReference; fileEncoding = 4; lastKnownFileType = sourcecode.c.h; path = AFHTTPRequestOperationManager.h; sourceTree = "<group>"; };
		CC5E41FB1BF4CD5C0079C0A3 /* AFHTTPRequestOperationManager.m */ = {isa = PBXFileReference; fileEncoding = 4; lastKnownFileType = sourcecode.c.objc; path = AFHTTPRequestOperationManager.m; sourceTree = "<group>"; };
		CC5E41FC1BF4CD5C0079C0A3 /* AFHTTPSessionManager.h */ = {isa = PBXFileReference; fileEncoding = 4; lastKnownFileType = sourcecode.c.h; path = AFHTTPSessionManager.h; sourceTree = "<group>"; };
		CC5E41FD1BF4CD5C0079C0A3 /* AFHTTPSessionManager.m */ = {isa = PBXFileReference; fileEncoding = 4; lastKnownFileType = sourcecode.c.objc; path = AFHTTPSessionManager.m; sourceTree = "<group>"; };
		CC5E41FE1BF4CD5C0079C0A3 /* AFNetworking.h */ = {isa = PBXFileReference; fileEncoding = 4; lastKnownFileType = sourcecode.c.h; path = AFNetworking.h; sourceTree = "<group>"; };
		CC5E41FF1BF4CD5C0079C0A3 /* AFNetworkReachabilityManager.h */ = {isa = PBXFileReference; fileEncoding = 4; lastKnownFileType = sourcecode.c.h; path = AFNetworkReachabilityManager.h; sourceTree = "<group>"; };
		CC5E42001BF4CD5C0079C0A3 /* AFNetworkReachabilityManager.m */ = {isa = PBXFileReference; fileEncoding = 4; lastKnownFileType = sourcecode.c.objc; path = AFNetworkReachabilityManager.m; sourceTree = "<group>"; };
		CC5E42011BF4CD5C0079C0A3 /* AFSecurityPolicy.h */ = {isa = PBXFileReference; fileEncoding = 4; lastKnownFileType = sourcecode.c.h; path = AFSecurityPolicy.h; sourceTree = "<group>"; };
		CC5E42021BF4CD5C0079C0A3 /* AFSecurityPolicy.m */ = {isa = PBXFileReference; fileEncoding = 4; lastKnownFileType = sourcecode.c.objc; path = AFSecurityPolicy.m; sourceTree = "<group>"; };
		CC5E42031BF4CD5C0079C0A3 /* AFURLConnectionOperation.h */ = {isa = PBXFileReference; fileEncoding = 4; lastKnownFileType = sourcecode.c.h; path = AFURLConnectionOperation.h; sourceTree = "<group>"; };
		CC5E42041BF4CD5C0079C0A3 /* AFURLConnectionOperation.m */ = {isa = PBXFileReference; fileEncoding = 4; lastKnownFileType = sourcecode.c.objc; path = AFURLConnectionOperation.m; sourceTree = "<group>"; };
		CC5E42051BF4CD5C0079C0A3 /* AFURLRequestSerialization.h */ = {isa = PBXFileReference; fileEncoding = 4; lastKnownFileType = sourcecode.c.h; path = AFURLRequestSerialization.h; sourceTree = "<group>"; };
		CC5E42061BF4CD5C0079C0A3 /* AFURLRequestSerialization.m */ = {isa = PBXFileReference; fileEncoding = 4; lastKnownFileType = sourcecode.c.objc; path = AFURLRequestSerialization.m; sourceTree = "<group>"; };
		CC5E42071BF4CD5C0079C0A3 /* AFURLResponseSerialization.h */ = {isa = PBXFileReference; fileEncoding = 4; lastKnownFileType = sourcecode.c.h; path = AFURLResponseSerialization.h; sourceTree = "<group>"; };
		CC5E42081BF4CD5C0079C0A3 /* AFURLResponseSerialization.m */ = {isa = PBXFileReference; fileEncoding = 4; lastKnownFileType = sourcecode.c.objc; path = AFURLResponseSerialization.m; sourceTree = "<group>"; };
		CC5E42091BF4CD5C0079C0A3 /* AFURLSessionManager.h */ = {isa = PBXFileReference; fileEncoding = 4; lastKnownFileType = sourcecode.c.h; path = AFURLSessionManager.h; sourceTree = "<group>"; };
		CC5E420A1BF4CD5C0079C0A3 /* AFURLSessionManager.m */ = {isa = PBXFileReference; fileEncoding = 4; lastKnownFileType = sourcecode.c.objc; path = AFURLSessionManager.m; sourceTree = "<group>"; };
		CC750C6D1BFDF98B007B5940 /* status.db */ = {isa = PBXFileReference; lastKnownFileType = file; path = status.db; sourceTree = "<group>"; };
		CC7602F11BF9FA230053E406 /* FMDatabase.h */ = {isa = PBXFileReference; fileEncoding = 4; lastKnownFileType = sourcecode.c.h; path = FMDatabase.h; sourceTree = "<group>"; };
		CC7602F21BF9FA230053E406 /* FMDatabase.m */ = {isa = PBXFileReference; fileEncoding = 4; lastKnownFileType = sourcecode.c.objc; path = FMDatabase.m; sourceTree = "<group>"; };
		CC7602F31BF9FA230053E406 /* FMDatabaseAdditions.h */ = {isa = PBXFileReference; fileEncoding = 4; lastKnownFileType = sourcecode.c.h; path = FMDatabaseAdditions.h; sourceTree = "<group>"; };
		CC7602F41BF9FA230053E406 /* FMDatabaseAdditions.m */ = {isa = PBXFileReference; fileEncoding = 4; lastKnownFileType = sourcecode.c.objc; path = FMDatabaseAdditions.m; sourceTree = "<group>"; };
		CC7602F51BF9FA230053E406 /* FMDatabasePool.h */ = {isa = PBXFileReference; fileEncoding = 4; lastKnownFileType = sourcecode.c.h; path = FMDatabasePool.h; sourceTree = "<group>"; };
		CC7602F61BF9FA230053E406 /* FMDatabasePool.m */ = {isa = PBXFileReference; fileEncoding = 4; lastKnownFileType = sourcecode.c.objc; path = FMDatabasePool.m; sourceTree = "<group>"; };
		CC7602F71BF9FA230053E406 /* FMDatabaseQueue.h */ = {isa = PBXFileReference; fileEncoding = 4; lastKnownFileType = sourcecode.c.h; path = FMDatabaseQueue.h; sourceTree = "<group>"; };
		CC7602F81BF9FA230053E406 /* FMDatabaseQueue.m */ = {isa = PBXFileReference; fileEncoding = 4; lastKnownFileType = sourcecode.c.objc; path = FMDatabaseQueue.m; sourceTree = "<group>"; };
		CC7602F91BF9FA230053E406 /* FMDB.h */ = {isa = PBXFileReference; fileEncoding = 4; lastKnownFileType = sourcecode.c.h; path = FMDB.h; sourceTree = "<group>"; };
		CC7602FA1BF9FA230053E406 /* FMResultSet.h */ = {isa = PBXFileReference; fileEncoding = 4; lastKnownFileType = sourcecode.c.h; path = FMResultSet.h; sourceTree = "<group>"; };
		CC7602FB1BF9FA230053E406 /* FMResultSet.m */ = {isa = PBXFileReference; fileEncoding = 4; lastKnownFileType = sourcecode.c.objc; path = FMResultSet.m; sourceTree = "<group>"; };
		CC7603021BF9FA4C0053E406 /* MKAnnotationView+WebCache.h */ = {isa = PBXFileReference; fileEncoding = 4; lastKnownFileType = sourcecode.c.h; path = "MKAnnotationView+WebCache.h"; sourceTree = "<group>"; };
		CC7603031BF9FA4C0053E406 /* MKAnnotationView+WebCache.m */ = {isa = PBXFileReference; fileEncoding = 4; lastKnownFileType = sourcecode.c.objc; path = "MKAnnotationView+WebCache.m"; sourceTree = "<group>"; };
		CC7603041BF9FA4C0053E406 /* NSData+ImageContentType.h */ = {isa = PBXFileReference; fileEncoding = 4; lastKnownFileType = sourcecode.c.h; path = "NSData+ImageContentType.h"; sourceTree = "<group>"; };
		CC7603051BF9FA4C0053E406 /* NSData+ImageContentType.m */ = {isa = PBXFileReference; fileEncoding = 4; lastKnownFileType = sourcecode.c.objc; path = "NSData+ImageContentType.m"; sourceTree = "<group>"; };
		CC7603061BF9FA4C0053E406 /* SDImageCache.h */ = {isa = PBXFileReference; fileEncoding = 4; lastKnownFileType = sourcecode.c.h; path = SDImageCache.h; sourceTree = "<group>"; };
		CC7603071BF9FA4C0053E406 /* SDImageCache.m */ = {isa = PBXFileReference; fileEncoding = 4; lastKnownFileType = sourcecode.c.objc; path = SDImageCache.m; sourceTree = "<group>"; };
		CC7603081BF9FA4C0053E406 /* SDWebImageCompat.h */ = {isa = PBXFileReference; fileEncoding = 4; lastKnownFileType = sourcecode.c.h; path = SDWebImageCompat.h; sourceTree = "<group>"; };
		CC7603091BF9FA4C0053E406 /* SDWebImageCompat.m */ = {isa = PBXFileReference; fileEncoding = 4; lastKnownFileType = sourcecode.c.objc; path = SDWebImageCompat.m; sourceTree = "<group>"; };
		CC76030A1BF9FA4C0053E406 /* SDWebImageDecoder.h */ = {isa = PBXFileReference; fileEncoding = 4; lastKnownFileType = sourcecode.c.h; path = SDWebImageDecoder.h; sourceTree = "<group>"; };
		CC76030B1BF9FA4C0053E406 /* SDWebImageDecoder.m */ = {isa = PBXFileReference; fileEncoding = 4; lastKnownFileType = sourcecode.c.objc; path = SDWebImageDecoder.m; sourceTree = "<group>"; };
		CC76030C1BF9FA4C0053E406 /* SDWebImageDownloader.h */ = {isa = PBXFileReference; fileEncoding = 4; lastKnownFileType = sourcecode.c.h; path = SDWebImageDownloader.h; sourceTree = "<group>"; };
		CC76030D1BF9FA4C0053E406 /* SDWebImageDownloader.m */ = {isa = PBXFileReference; fileEncoding = 4; lastKnownFileType = sourcecode.c.objc; path = SDWebImageDownloader.m; sourceTree = "<group>"; };
		CC76030E1BF9FA4C0053E406 /* SDWebImageDownloaderOperation.h */ = {isa = PBXFileReference; fileEncoding = 4; lastKnownFileType = sourcecode.c.h; path = SDWebImageDownloaderOperation.h; sourceTree = "<group>"; };
		CC76030F1BF9FA4C0053E406 /* SDWebImageDownloaderOperation.m */ = {isa = PBXFileReference; fileEncoding = 4; lastKnownFileType = sourcecode.c.objc; path = SDWebImageDownloaderOperation.m; sourceTree = "<group>"; };
		CC7603101BF9FA4C0053E406 /* SDWebImageManager.h */ = {isa = PBXFileReference; fileEncoding = 4; lastKnownFileType = sourcecode.c.h; path = SDWebImageManager.h; sourceTree = "<group>"; };
		CC7603111BF9FA4C0053E406 /* SDWebImageManager.m */ = {isa = PBXFileReference; fileEncoding = 4; lastKnownFileType = sourcecode.c.objc; path = SDWebImageManager.m; sourceTree = "<group>"; };
		CC7603121BF9FA4C0053E406 /* SDWebImageOperation.h */ = {isa = PBXFileReference; fileEncoding = 4; lastKnownFileType = sourcecode.c.h; path = SDWebImageOperation.h; sourceTree = "<group>"; };
		CC7603131BF9FA4C0053E406 /* SDWebImagePrefetcher.h */ = {isa = PBXFileReference; fileEncoding = 4; lastKnownFileType = sourcecode.c.h; path = SDWebImagePrefetcher.h; sourceTree = "<group>"; };
		CC7603141BF9FA4C0053E406 /* SDWebImagePrefetcher.m */ = {isa = PBXFileReference; fileEncoding = 4; lastKnownFileType = sourcecode.c.objc; path = SDWebImagePrefetcher.m; sourceTree = "<group>"; };
		CC7603151BF9FA4C0053E406 /* UIButton+WebCache.h */ = {isa = PBXFileReference; fileEncoding = 4; lastKnownFileType = sourcecode.c.h; path = "UIButton+WebCache.h"; sourceTree = "<group>"; };
		CC7603161BF9FA4C0053E406 /* UIButton+WebCache.m */ = {isa = PBXFileReference; fileEncoding = 4; lastKnownFileType = sourcecode.c.objc; path = "UIButton+WebCache.m"; sourceTree = "<group>"; };
		CC7603171BF9FA4C0053E406 /* UIImage+GIF.h */ = {isa = PBXFileReference; fileEncoding = 4; lastKnownFileType = sourcecode.c.h; path = "UIImage+GIF.h"; sourceTree = "<group>"; };
		CC7603181BF9FA4C0053E406 /* UIImage+GIF.m */ = {isa = PBXFileReference; fileEncoding = 4; lastKnownFileType = sourcecode.c.objc; path = "UIImage+GIF.m"; sourceTree = "<group>"; };
		CC7603191BF9FA4C0053E406 /* UIImage+MultiFormat.h */ = {isa = PBXFileReference; fileEncoding = 4; lastKnownFileType = sourcecode.c.h; path = "UIImage+MultiFormat.h"; sourceTree = "<group>"; };
		CC76031A1BF9FA4C0053E406 /* UIImage+MultiFormat.m */ = {isa = PBXFileReference; fileEncoding = 4; lastKnownFileType = sourcecode.c.objc; path = "UIImage+MultiFormat.m"; sourceTree = "<group>"; };
		CC76031B1BF9FA4C0053E406 /* UIImage+WebP.h */ = {isa = PBXFileReference; fileEncoding = 4; lastKnownFileType = sourcecode.c.h; path = "UIImage+WebP.h"; sourceTree = "<group>"; };
		CC76031C1BF9FA4C0053E406 /* UIImage+WebP.m */ = {isa = PBXFileReference; fileEncoding = 4; lastKnownFileType = sourcecode.c.objc; path = "UIImage+WebP.m"; sourceTree = "<group>"; };
		CC76031D1BF9FA4C0053E406 /* UIImageView+HighlightedWebCache.h */ = {isa = PBXFileReference; fileEncoding = 4; lastKnownFileType = sourcecode.c.h; path = "UIImageView+HighlightedWebCache.h"; sourceTree = "<group>"; };
		CC76031E1BF9FA4C0053E406 /* UIImageView+HighlightedWebCache.m */ = {isa = PBXFileReference; fileEncoding = 4; lastKnownFileType = sourcecode.c.objc; path = "UIImageView+HighlightedWebCache.m"; sourceTree = "<group>"; };
		CC76031F1BF9FA4C0053E406 /* UIImageView+WebCache.h */ = {isa = PBXFileReference; fileEncoding = 4; lastKnownFileType = sourcecode.c.h; path = "UIImageView+WebCache.h"; sourceTree = "<group>"; };
		CC7603201BF9FA4C0053E406 /* UIImageView+WebCache.m */ = {isa = PBXFileReference; fileEncoding = 4; lastKnownFileType = sourcecode.c.objc; path = "UIImageView+WebCache.m"; sourceTree = "<group>"; };
		CC7603211BF9FA4C0053E406 /* UIView+WebCacheOperation.h */ = {isa = PBXFileReference; fileEncoding = 4; lastKnownFileType = sourcecode.c.h; path = "UIView+WebCacheOperation.h"; sourceTree = "<group>"; };
		CC7603221BF9FA4C0053E406 /* UIView+WebCacheOperation.m */ = {isa = PBXFileReference; fileEncoding = 4; lastKnownFileType = sourcecode.c.objc; path = "UIView+WebCacheOperation.m"; sourceTree = "<group>"; };
		CC7603331BF9FA6C0053E406 /* libsqlite3.dylib */ = {isa = PBXFileReference; lastKnownFileType = "compiled.mach-o.dylib"; name = libsqlite3.dylib; path = usr/lib/libsqlite3.dylib; sourceTree = SDKROOT; };
		CC7603351BFA00ED0053E406 /* StatusTableViewCell.h */ = {isa = PBXFileReference; fileEncoding = 4; lastKnownFileType = sourcecode.c.h; path = StatusTableViewCell.h; sourceTree = "<group>"; };
		CC7603361BFA00ED0053E406 /* StatusTableViewCell.m */ = {isa = PBXFileReference; fileEncoding = 4; lastKnownFileType = sourcecode.c.objc; path = StatusTableViewCell.m; sourceTree = "<group>"; };
		CC76033C1BFA02850053E406 /* HomeVC.h */ = {isa = PBXFileReference; fileEncoding = 4; lastKnownFileType = sourcecode.c.h; path = HomeVC.h; sourceTree = "<group>"; };
		CC76033D1BFA02850053E406 /* HomeVC.m */ = {isa = PBXFileReference; fileEncoding = 4; lastKnownFileType = sourcecode.c.objc; path = HomeVC.m; sourceTree = "<group>"; };
		CC76033F1BFA0A3B0053E406 /* StatusModel.h */ = {isa = PBXFileReference; fileEncoding = 4; lastKnownFileType = sourcecode.c.h; path = StatusModel.h; sourceTree = "<group>"; };
		CC7603401BFA0A3B0053E406 /* StatusModel.m */ = {isa = PBXFileReference; fileEncoding = 4; lastKnownFileType = sourcecode.c.objc; path = StatusModel.m; sourceTree = "<group>"; };
		CCE8AF191BFABE2600C08FA2 /* NSDateFormatter+StatusDate.h */ = {isa = PBXFileReference; fileEncoding = 4; lastKnownFileType = sourcecode.c.h; path = "NSDateFormatter+StatusDate.h"; sourceTree = "<group>"; };
		CCE8AF1A1BFABE2600C08FA2 /* NSDateFormatter+StatusDate.m */ = {isa = PBXFileReference; fileEncoding = 4; lastKnownFileType = sourcecode.c.objc; path = "NSDateFormatter+StatusDate.m"; sourceTree = "<group>"; };
		CCE8AF1C1BFAC0A700C08FA2 /* UserModel.h */ = {isa = PBXFileReference; fileEncoding = 4; lastKnownFileType = sourcecode.c.h; path = UserModel.h; sourceTree = "<group>"; };
		CCE8AF1D1BFAC0A700C08FA2 /* UserModel.m */ = {isa = PBXFileReference; fileEncoding = 4; lastKnownFileType = sourcecode.c.objc; path = UserModel.m; sourceTree = "<group>"; };
		CCE8AF1F1BFAC0E100C08FA2 /* DataBaseEngine.h */ = {isa = PBXFileReference; fileEncoding = 4; lastKnownFileType = sourcecode.c.h; path = DataBaseEngine.h; sourceTree = "<group>"; };
		CCE8AF201BFAC0E100C08FA2 /* DataBaseEngine.m */ = {isa = PBXFileReference; fileEncoding = 4; lastKnownFileType = sourcecode.c.objc; path = DataBaseEngine.m; sourceTree = "<group>"; };
		CCEE70861BF0850200DFD65D /* GuideViewController.h */ = {isa = PBXFileReference; fileEncoding = 4; lastKnownFileType = sourcecode.c.h; path = GuideViewController.h; sourceTree = "<group>"; };
		CCEE70871BF0850200DFD65D /* GuideViewController.m */ = {isa = PBXFileReference; fileEncoding = 4; lastKnownFileType = sourcecode.c.objc; path = GuideViewController.m; sourceTree = "<group>"; };
/* End PBXFileReference section */

/* Begin PBXFrameworksBuildPhase section */
		CC2C96F31BF0314D004DF239 /* Frameworks */ = {
			isa = PBXFrameworksBuildPhase;
			buildActionMask = 2147483647;
			files = (
				CC7603341BF9FA6C0053E406 /* libsqlite3.dylib in Frameworks */,
			);
			runOnlyForDeploymentPostprocessing = 0;
		};
		CC2C970C1BF0314D004DF239 /* Frameworks */ = {
			isa = PBXFrameworksBuildPhase;
			buildActionMask = 2147483647;
			files = (
			);
			runOnlyForDeploymentPostprocessing = 0;
		};
/* End PBXFrameworksBuildPhase section */

/* Begin PBXGroup section */
		CC2C96ED1BF0314D004DF239 = {
			isa = PBXGroup;
			children = (
				CC7603331BF9FA6C0053E406 /* libsqlite3.dylib */,
				CC2C96F81BF0314D004DF239 /* weibo */,
				CC2C97121BF0314D004DF239 /* weiboTests */,
				CC2C96F71BF0314D004DF239 /* Products */,
			);
			sourceTree = "<group>";
		};
		CC2C96F71BF0314D004DF239 /* Products */ = {
			isa = PBXGroup;
			children = (
				CC2C96F61BF0314D004DF239 /* weibo.app */,
				CC2C970F1BF0314D004DF239 /* weiboTests.xctest */,
			);
			name = Products;
			sourceTree = "<group>";
		};
		CC2C96F81BF0314D004DF239 /* weibo */ = {
			isa = PBXGroup;
			children = (
				CCEE70851BF0838C00DFD65D /* Other */,
				CCEE70841BF0838800DFD65D /* Controller */,
				CCEE70831BF0838500DFD65D /* Model */,
				CCEE70821BF0838200DFD65D /* View */,
				CC2C96F91BF0314D004DF239 /* Supporting Files */,
			);
			path = weibo;
			sourceTree = "<group>";
		};
		CC2C96F91BF0314D004DF239 /* Supporting Files */ = {
			isa = PBXGroup;
			children = (
				CC2C97061BF0314D004DF239 /* Images.xcassets */,
				CC2C96FA1BF0314D004DF239 /* Info.plist */,
				CC2C96FB1BF0314D004DF239 /* main.m */,
			);
			name = "Supporting Files";
			sourceTree = "<group>";
		};
		CC2C97121BF0314D004DF239 /* weiboTests */ = {
			isa = PBXGroup;
			children = (
				CC2C97151BF0314D004DF239 /* weiboTests.m */,
				CC2C97131BF0314D004DF239 /* Supporting Files */,
			);
			path = weiboTests;
			sourceTree = "<group>";
		};
		CC2C97131BF0314D004DF239 /* Supporting Files */ = {
			isa = PBXGroup;
			children = (
				CC2C97141BF0314D004DF239 /* Info.plist */,
			);
			name = "Supporting Files";
			sourceTree = "<group>";
		};
		CC5E41DA1BF43FD90079C0A3 /* MainVC */ = {
			isa = PBXGroup;
			children = (
				CC5E41DB1BF440110079C0A3 /* MainVC.h */,
				CC5E41DC1BF440110079C0A3 /* MainVC.m */,
			);
			name = MainVC;
			sourceTree = "<group>";
		};
		CC5E41DE1BF4B41A0079C0A3 /* SetingVC */ = {
			isa = PBXGroup;
			children = (
				CC5E41E21BF4B46E0079C0A3 /* SetingVC.h */,
				CC5E41E31BF4B46E0079C0A3 /* SetingVC.m */,
			);
			name = SetingVC;
			sourceTree = "<group>";
		};
		CC5E41EF1BF4C8360079C0A3 /* discover */ = {
			isa = PBXGroup;
			children = (
				CC5E41F01BF4C85D0079C0A3 /* discoverVC.h */,
				CC5E41F11BF4C85D0079C0A3 /* discoverVC.m */,
			);
			name = discover;
			sourceTree = "<group>";
		};
		CC5E41F31BF4CC9B0079C0A3 /* loginVC */ = {
			isa = PBXGroup;
			children = (
				CC5E41F41BF4CCC80079C0A3 /* loginVC.h */,
				CC5E41F51BF4CCC80079C0A3 /* loginVC.m */,
			);
			name = loginVC;
			sourceTree = "<group>";
		};
		CC5E41F71BF4CD5C0079C0A3 /* AFNetworking */ = {
			isa = PBXGroup;
			children = (
				CC5E41F81BF4CD5C0079C0A3 /* AFHTTPRequestOperation.h */,
				CC5E41F91BF4CD5C0079C0A3 /* AFHTTPRequestOperation.m */,
				CC5E41FA1BF4CD5C0079C0A3 /* AFHTTPRequestOperationManager.h */,
				CC5E41FB1BF4CD5C0079C0A3 /* AFHTTPRequestOperationManager.m */,
				CC5E41FC1BF4CD5C0079C0A3 /* AFHTTPSessionManager.h */,
				CC5E41FD1BF4CD5C0079C0A3 /* AFHTTPSessionManager.m */,
				CC5E41FE1BF4CD5C0079C0A3 /* AFNetworking.h */,
				CC5E41FF1BF4CD5C0079C0A3 /* AFNetworkReachabilityManager.h */,
				CC5E42001BF4CD5C0079C0A3 /* AFNetworkReachabilityManager.m */,
				CC5E42011BF4CD5C0079C0A3 /* AFSecurityPolicy.h */,
				CC5E42021BF4CD5C0079C0A3 /* AFSecurityPolicy.m */,
				CC5E42031BF4CD5C0079C0A3 /* AFURLConnectionOperation.h */,
				CC5E42041BF4CD5C0079C0A3 /* AFURLConnectionOperation.m */,
				CC5E42051BF4CD5C0079C0A3 /* AFURLRequestSerialization.h */,
				CC5E42061BF4CD5C0079C0A3 /* AFURLRequestSerialization.m */,
				CC5E42071BF4CD5C0079C0A3 /* AFURLResponseSerialization.h */,
				CC5E42081BF4CD5C0079C0A3 /* AFURLResponseSerialization.m */,
				CC5E42091BF4CD5C0079C0A3 /* AFURLSessionManager.h */,
				CC5E420A1BF4CD5C0079C0A3 /* AFURLSessionManager.m */,
			);
			path = AFNetworking;
			sourceTree = "<group>";
		};
		CC7602F01BF9FA230053E406 /* fmdb */ = {
			isa = PBXGroup;
			children = (
				CC7602F11BF9FA230053E406 /* FMDatabase.h */,
				CC7602F21BF9FA230053E406 /* FMDatabase.m */,
				CC7602F31BF9FA230053E406 /* FMDatabaseAdditions.h */,
				CC7602F41BF9FA230053E406 /* FMDatabaseAdditions.m */,
				CC7602F51BF9FA230053E406 /* FMDatabasePool.h */,
				CC7602F61BF9FA230053E406 /* FMDatabasePool.m */,
				CC7602F71BF9FA230053E406 /* FMDatabaseQueue.h */,
				CC7602F81BF9FA230053E406 /* FMDatabaseQueue.m */,
				CC7602F91BF9FA230053E406 /* FMDB.h */,
				CC7602FA1BF9FA230053E406 /* FMResultSet.h */,
				CC7602FB1BF9FA230053E406 /* FMResultSet.m */,
			);
			path = fmdb;
			sourceTree = "<group>";
		};
		CC7603011BF9FA4C0053E406 /* SDWebImage */ = {
			isa = PBXGroup;
			children = (
				CC7603021BF9FA4C0053E406 /* MKAnnotationView+WebCache.h */,
				CC7603031BF9FA4C0053E406 /* MKAnnotationView+WebCache.m */,
				CC7603041BF9FA4C0053E406 /* NSData+ImageContentType.h */,
				CC7603051BF9FA4C0053E406 /* NSData+ImageContentType.m */,
				CC7603061BF9FA4C0053E406 /* SDImageCache.h */,
				CC7603071BF9FA4C0053E406 /* SDImageCache.m */,
				CC7603081BF9FA4C0053E406 /* SDWebImageCompat.h */,
				CC7603091BF9FA4C0053E406 /* SDWebImageCompat.m */,
				CC76030A1BF9FA4C0053E406 /* SDWebImageDecoder.h */,
				CC76030B1BF9FA4C0053E406 /* SDWebImageDecoder.m */,
				CC76030C1BF9FA4C0053E406 /* SDWebImageDownloader.h */,
				CC76030D1BF9FA4C0053E406 /* SDWebImageDownloader.m */,
				CC76030E1BF9FA4C0053E406 /* SDWebImageDownloaderOperation.h */,
				CC76030F1BF9FA4C0053E406 /* SDWebImageDownloaderOperation.m */,
				CC7603101BF9FA4C0053E406 /* SDWebImageManager.h */,
				CC7603111BF9FA4C0053E406 /* SDWebImageManager.m */,
				CC7603121BF9FA4C0053E406 /* SDWebImageOperation.h */,
				CC7603131BF9FA4C0053E406 /* SDWebImagePrefetcher.h */,
				CC7603141BF9FA4C0053E406 /* SDWebImagePrefetcher.m */,
				CC7603151BF9FA4C0053E406 /* UIButton+WebCache.h */,
				CC7603161BF9FA4C0053E406 /* UIButton+WebCache.m */,
				CC7603171BF9FA4C0053E406 /* UIImage+GIF.h */,
				CC7603181BF9FA4C0053E406 /* UIImage+GIF.m */,
				CC7603191BF9FA4C0053E406 /* UIImage+MultiFormat.h */,
				CC76031A1BF9FA4C0053E406 /* UIImage+MultiFormat.m */,
				CC76031B1BF9FA4C0053E406 /* UIImage+WebP.h */,
				CC76031C1BF9FA4C0053E406 /* UIImage+WebP.m */,
				CC76031D1BF9FA4C0053E406 /* UIImageView+HighlightedWebCache.h */,
				CC76031E1BF9FA4C0053E406 /* UIImageView+HighlightedWebCache.m */,
				CC76031F1BF9FA4C0053E406 /* UIImageView+WebCache.h */,
				CC7603201BF9FA4C0053E406 /* UIImageView+WebCache.m */,
				CC7603211BF9FA4C0053E406 /* UIView+WebCacheOperation.h */,
				CC7603221BF9FA4C0053E406 /* UIView+WebCacheOperation.m */,
			);
			path = SDWebImage;
			sourceTree = "<group>";
		};
		CC76033B1BFA01830053E406 /* HomeVC */ = {
			isa = PBXGroup;
			children = (
				CC76033C1BFA02850053E406 /* HomeVC.h */,
				CC76033D1BFA02850053E406 /* HomeVC.m */,
			);
			name = HomeVC;
			sourceTree = "<group>";
		};
		CCEE70821BF0838200DFD65D /* View */ = {
			isa = PBXGroup;
			children = (
				CC2C97031BF0314D004DF239 /* Main.storyboard */,
				CC2C97081BF0314D004DF239 /* LaunchScreen.xib */,
				CC7603351BFA00ED0053E406 /* StatusTableViewCell.h */,
				CC7603361BFA00ED0053E406 /* StatusTableViewCell.m */,
			);
			name = View;
			sourceTree = "<group>";
		};
		CCEE70831BF0838500DFD65D /* Model */ = {
			isa = PBXGroup;
			children = (
				CC750C6D1BFDF98B007B5940 /* status.db */,
				CC5E41E61BF4B6020079C0A3 /* Account.h */,
				CC5E41E71BF4B6020079C0A3 /* Account.m */,
				CC76033F1BFA0A3B0053E406 /* StatusModel.h */,
				CC7603401BFA0A3B0053E406 /* StatusModel.m */,
				CCE8AF1C1BFAC0A700C08FA2 /* UserModel.h */,
				CCE8AF1D1BFAC0A700C08FA2 /* UserModel.m */,
				CCE8AF1F1BFAC0E100C08FA2 /* DataBaseEngine.h */,
				CCE8AF201BFAC0E100C08FA2 /* DataBaseEngine.m */,
			);
			name = Model;
			sourceTree = "<group>";
		};
		CCEE70841BF0838800DFD65D /* Controller */ = {
			isa = PBXGroup;
			children = (
				CC5E41F31BF4CC9B0079C0A3 /* loginVC */,
				CC5E41EF1BF4C8360079C0A3 /* discover */,
				CC5E41DE1BF4B41A0079C0A3 /* SetingVC */,
				CC76033B1BFA01830053E406 /* HomeVC */,
				CC5E41DA1BF43FD90079C0A3 /* MainVC */,
				CCEE70861BF0850200DFD65D /* GuideViewController.h */,
				CCEE70871BF0850200DFD65D /* GuideViewController.m */,
			);
			name = Controller;
			sourceTree = "<group>";
		};
		CCEE70851BF0838C00DFD65D /* Other */ = {
			isa = PBXGroup;
			children = (
				CC7603011BF9FA4C0053E406 /* SDWebImage */,
				CC7602F01BF9FA230053E406 /* fmdb */,
				CC5E41F71BF4CD5C0079C0A3 /* AFNetworking */,
				CC2C96FD1BF0314D004DF239 /* AppDelegate.h */,
				CC2C96FE1BF0314D004DF239 /* AppDelegate.m */,
				CC5E41E51BF4B4800079C0A3 /* Common.h */,
				CC5E41E91BF4B8780079C0A3 /* NSString+DocumentFilePath.h */,
				CC5E41EA1BF4B8780079C0A3 /* NSString+DocumentFilePath.m */,
				CC5E41EC1BF4C3110079C0A3 /* UITableView+IndexWithIndexPath.h */,
				CC5E41ED1BF4C3110079C0A3 /* UITableView+IndexWithIndexPath.m */,
				CCE8AF191BFABE2600C08FA2 /* NSDateFormatter+StatusDate.h */,
				CCE8AF1A1BFABE2600C08FA2 /* NSDateFormatter+StatusDate.m */,
			);
			name = Other;
			sourceTree = "<group>";
		};
/* End PBXGroup section */

/* Begin PBXNativeTarget section */
		CC2C96F51BF0314D004DF239 /* weibo */ = {
			isa = PBXNativeTarget;
			buildConfigurationList = CC2C97191BF0314D004DF239 /* Build configuration list for PBXNativeTarget "weibo" */;
			buildPhases = (
				CC2C96F21BF0314D004DF239 /* Sources */,
				CC2C96F31BF0314D004DF239 /* Frameworks */,
				CC2C96F41BF0314D004DF239 /* Resources */,
			);
			buildRules = (
			);
			dependencies = (
			);
			name = weibo;
			productName = weibo;
			productReference = CC2C96F61BF0314D004DF239 /* weibo.app */;
			productType = "com.apple.product-type.application";
		};
		CC2C970E1BF0314D004DF239 /* weiboTests */ = {
			isa = PBXNativeTarget;
			buildConfigurationList = CC2C971C1BF0314D004DF239 /* Build configuration list for PBXNativeTarget "weiboTests" */;
			buildPhases = (
				CC2C970B1BF0314D004DF239 /* Sources */,
				CC2C970C1BF0314D004DF239 /* Frameworks */,
				CC2C970D1BF0314D004DF239 /* Resources */,
			);
			buildRules = (
			);
			dependencies = (
				CC2C97111BF0314D004DF239 /* PBXTargetDependency */,
			);
			name = weiboTests;
			productName = weiboTests;
			productReference = CC2C970F1BF0314D004DF239 /* weiboTests.xctest */;
			productType = "com.apple.product-type.bundle.unit-test";
		};
/* End PBXNativeTarget section */

/* Begin PBXProject section */
		CC2C96EE1BF0314D004DF239 /* Project object */ = {
			isa = PBXProject;
			attributes = {
				LastUpgradeCheck = 0640;
				ORGANIZATIONNAME = "张雪城";
				TargetAttributes = {
					CC2C96F51BF0314D004DF239 = {
						CreatedOnToolsVersion = 6.4;
					};
					CC2C970E1BF0314D004DF239 = {
						CreatedOnToolsVersion = 6.4;
						TestTargetID = CC2C96F51BF0314D004DF239;
					};
				};
			};
			buildConfigurationList = CC2C96F11BF0314D004DF239 /* Build configuration list for PBXProject "weibo" */;
			compatibilityVersion = "Xcode 3.2";
			developmentRegion = English;
			hasScannedForEncodings = 0;
			knownRegions = (
				en,
				Base,
			);
			mainGroup = CC2C96ED1BF0314D004DF239;
			productRefGroup = CC2C96F71BF0314D004DF239 /* Products */;
			projectDirPath = "";
			projectRoot = "";
			targets = (
				CC2C96F51BF0314D004DF239 /* weibo */,
				CC2C970E1BF0314D004DF239 /* weiboTests */,
			);
		};
/* End PBXProject section */

/* Begin PBXResourcesBuildPhase section */
		CC2C96F41BF0314D004DF239 /* Resources */ = {
			isa = PBXResourcesBuildPhase;
			buildActionMask = 2147483647;
			files = (
				CC2C97051BF0314D004DF239 /* Main.storyboard in Resources */,
				CC750C6E1BFDF98B007B5940 /* status.db in Resources */,
				CC2C970A1BF0314D004DF239 /* LaunchScreen.xib in Resources */,
				CC2C97071BF0314D004DF239 /* Images.xcassets in Resources */,
			);
			runOnlyForDeploymentPostprocessing = 0;
		};
		CC2C970D1BF0314D004DF239 /* Resources */ = {
			isa = PBXResourcesBuildPhase;
			buildActionMask = 2147483647;
			files = (
			);
			runOnlyForDeploymentPostprocessing = 0;
		};
/* End PBXResourcesBuildPhase section */

/* Begin PBXSourcesBuildPhase section */
		CC2C96F21BF0314D004DF239 /* Sources */ = {
			isa = PBXSourcesBuildPhase;
			buildActionMask = 2147483647;
			files = (
				CC5E42101BF4CD5C0079C0A3 /* AFURLConnectionOperation.m in Sources */,
				CC76032C1BF9FA4C0053E406 /* UIButton+WebCache.m in Sources */,
				CC7603371BFA00ED0053E406 /* StatusTableViewCell.m in Sources */,
				CC76033E1BFA02850053E406 /* HomeVC.m in Sources */,
				CCE8AF211BFAC0E100C08FA2 /* DataBaseEngine.m in Sources */,
				CC76032A1BF9FA4C0053E406 /* SDWebImageManager.m in Sources */,
				CC5E41F61BF4CCC80079C0A3 /* loginVC.m in Sources */,
				CC5E420F1BF4CD5C0079C0A3 /* AFSecurityPolicy.m in Sources */,
				CC7602FC1BF9FA230053E406 /* FMDatabase.m in Sources */,
				CC7603281BF9FA4C0053E406 /* SDWebImageDownloader.m in Sources */,
				CC5E41EE1BF4C3110079C0A3 /* UITableView+IndexWithIndexPath.m in Sources */,
				CC7603411BFA0A3B0053E406 /* StatusModel.m in Sources */,
				CC7603261BF9FA4C0053E406 /* SDWebImageCompat.m in Sources */,
				CC7602FE1BF9FA230053E406 /* FMDatabasePool.m in Sources */,
				CC7603001BF9FA230053E406 /* FMResultSet.m in Sources */,
				CC7602FD1BF9FA230053E406 /* FMDatabaseAdditions.m in Sources */,
				CC7603321BF9FA4C0053E406 /* UIView+WebCacheOperation.m in Sources */,
				CC5E420C1BF4CD5C0079C0A3 /* AFHTTPRequestOperationManager.m in Sources */,
				CC2C96FF1BF0314D004DF239 /* AppDelegate.m in Sources */,
				CC7603311BF9FA4C0053E406 /* UIImageView+WebCache.m in Sources */,
				CC76032F1BF9FA4C0053E406 /* UIImage+WebP.m in Sources */,
				CC7603251BF9FA4C0053E406 /* SDImageCache.m in Sources */,
				CC5E41EB1BF4B8780079C0A3 /* NSString+DocumentFilePath.m in Sources */,
				CC76032E1BF9FA4C0053E406 /* UIImage+MultiFormat.m in Sources */,
				CC7603291BF9FA4C0053E406 /* SDWebImageDownloaderOperation.m in Sources */,
				CC5E41DD1BF440110079C0A3 /* MainVC.m in Sources */,
				CC7603301BF9FA4C0053E406 /* UIImageView+HighlightedWebCache.m in Sources */,
				CCE8AF1E1BFAC0A700C08FA2 /* UserModel.m in Sources */,
				CC5E41E41BF4B46E0079C0A3 /* SetingVC.m in Sources */,
				CC7602FF1BF9FA230053E406 /* FMDatabaseQueue.m in Sources */,
				CC5E41E81BF4B6020079C0A3 /* Account.m in Sources */,
				CC5E42131BF4CD5C0079C0A3 /* AFURLSessionManager.m in Sources */,
				CC7603241BF9FA4C0053E406 /* NSData+ImageContentType.m in Sources */,
				CCE8AF1B1BFABE2600C08FA2 /* NSDateFormatter+StatusDate.m in Sources */,
				CC5E42121BF4CD5C0079C0A3 /* AFURLResponseSerialization.m in Sources */,
				CC5E41F21BF4C85D0079C0A3 /* discoverVC.m in Sources */,
				CC2C96FC1BF0314D004DF239 /* main.m in Sources */,
				CC7603271BF9FA4C0053E406 /* SDWebImageDecoder.m in Sources */,
				CC5E42111BF4CD5C0079C0A3 /* AFURLRequestSerialization.m in Sources */,
				CC5E420E1BF4CD5C0079C0A3 /* AFNetworkReachabilityManager.m in Sources */,
				CCEE70881BF0850200DFD65D /* GuideViewController.m in Sources */,
				CC5E420B1BF4CD5C0079C0A3 /* AFHTTPRequestOperation.m in Sources */,
				CC76032B1BF9FA4C0053E406 /* SDWebImagePrefetcher.m in Sources */,
				CC7603231BF9FA4C0053E406 /* MKAnnotationView+WebCache.m in Sources */,
				CC76032D1BF9FA4C0053E406 /* UIImage+GIF.m in Sources */,
				CC5E420D1BF4CD5C0079C0A3 /* AFHTTPSessionManager.m in Sources */,
			);
			runOnlyForDeploymentPostprocessing = 0;
		};
		CC2C970B1BF0314D004DF239 /* Sources */ = {
			isa = PBXSourcesBuildPhase;
			buildActionMask = 2147483647;
			files = (
				CC2C97161BF0314D004DF239 /* weiboTests.m in Sources */,
			);
			runOnlyForDeploymentPostprocessing = 0;
		};
/* End PBXSourcesBuildPhase section */

/* Begin PBXTargetDependency section */
		CC2C97111BF0314D004DF239 /* PBXTargetDependency */ = {
			isa = PBXTargetDependency;
			target = CC2C96F51BF0314D004DF239 /* weibo */;
			targetProxy = CC2C97101BF0314D004DF239 /* PBXContainerItemProxy */;
		};
/* End PBXTargetDependency section */

/* Begin PBXVariantGroup section */
		CC2C97031BF0314D004DF239 /* Main.storyboard */ = {
			isa = PBXVariantGroup;
			children = (
				CC2C97041BF0314D004DF239 /* Base */,
			);
			name = Main.storyboard;
			sourceTree = "<group>";
		};
		CC2C97081BF0314D004DF239 /* LaunchScreen.xib */ = {
			isa = PBXVariantGroup;
			children = (
				CC2C97091BF0314D004DF239 /* Base */,
			);
			name = LaunchScreen.xib;
			sourceTree = "<group>";
		};
/* End PBXVariantGroup section */

/* Begin XCBuildConfiguration section */
		CC2C97171BF0314D004DF239 /* Debug */ = {
			isa = XCBuildConfiguration;
			buildSettings = {
				ALWAYS_SEARCH_USER_PATHS = NO;
				CLANG_CXX_LANGUAGE_STANDARD = "gnu++0x";
				CLANG_CXX_LIBRARY = "libc++";
				CLANG_ENABLE_MODULES = YES;
				CLANG_ENABLE_OBJC_ARC = YES;
				CLANG_WARN_BOOL_CONVERSION = YES;
				CLANG_WARN_CONSTANT_CONVERSION = YES;
				CLANG_WARN_DIRECT_OBJC_ISA_USAGE = YES_ERROR;
				CLANG_WARN_EMPTY_BODY = YES;
				CLANG_WARN_ENUM_CONVERSION = YES;
				CLANG_WARN_INT_CONVERSION = YES;
				CLANG_WARN_OBJC_ROOT_CLASS = YES_ERROR;
				CLANG_WARN_UNREACHABLE_CODE = YES;
				CLANG_WARN__DUPLICATE_METHOD_MATCH = YES;
				"CODE_SIGN_IDENTITY[sdk=iphoneos*]" = "iPhone Developer";
				COPY_PHASE_STRIP = NO;
				DEBUG_INFORMATION_FORMAT = "dwarf-with-dsym";
				ENABLE_STRICT_OBJC_MSGSEND = YES;
				GCC_C_LANGUAGE_STANDARD = gnu99;
				GCC_DYNAMIC_NO_PIC = NO;
				GCC_NO_COMMON_BLOCKS = YES;
				GCC_OPTIMIZATION_LEVEL = 0;
				GCC_PREPROCESSOR_DEFINITIONS = (
					"DEBUG=1",
					"$(inherited)",
				);
				GCC_SYMBOLS_PRIVATE_EXTERN = NO;
				GCC_WARN_64_TO_32_BIT_CONVERSION = YES;
				GCC_WARN_ABOUT_RETURN_TYPE = YES_ERROR;
				GCC_WARN_UNDECLARED_SELECTOR = YES;
				GCC_WARN_UNINITIALIZED_AUTOS = YES_AGGRESSIVE;
				GCC_WARN_UNUSED_FUNCTION = YES;
				GCC_WARN_UNUSED_VARIABLE = YES;
				IPHONEOS_DEPLOYMENT_TARGET = 8.4;
				MTL_ENABLE_DEBUG_INFO = YES;
				ONLY_ACTIVE_ARCH = YES;
				SDKROOT = iphoneos;
			};
			name = Debug;
		};
		CC2C97181BF0314D004DF239 /* Release */ = {
			isa = XCBuildConfiguration;
			buildSettings = {
				ALWAYS_SEARCH_USER_PATHS = NO;
				CLANG_CXX_LANGUAGE_STANDARD = "gnu++0x";
				CLANG_CXX_LIBRARY = "libc++";
				CLANG_ENABLE_MODULES = YES;
				CLANG_ENABLE_OBJC_ARC = YES;
				CLANG_WARN_BOOL_CONVERSION = YES;
				CLANG_WARN_CONSTANT_CONVERSION = YES;
				CLANG_WARN_DIRECT_OBJC_ISA_USAGE = YES_ERROR;
				CLANG_WARN_EMPTY_BODY = YES;
				CLANG_WARN_ENUM_CONVERSION = YES;
				CLANG_WARN_INT_CONVERSION = YES;
				CLANG_WARN_OBJC_ROOT_CLASS = YES_ERROR;
				CLANG_WARN_UNREACHABLE_CODE = YES;
				CLANG_WARN__DUPLICATE_METHOD_MATCH = YES;
				"CODE_SIGN_IDENTITY[sdk=iphoneos*]" = "iPhone Developer";
				COPY_PHASE_STRIP = NO;
				DEBUG_INFORMATION_FORMAT = "dwarf-with-dsym";
				ENABLE_NS_ASSERTIONS = NO;
				ENABLE_STRICT_OBJC_MSGSEND = YES;
				GCC_C_LANGUAGE_STANDARD = gnu99;
				GCC_NO_COMMON_BLOCKS = YES;
				GCC_WARN_64_TO_32_BIT_CONVERSION = YES;
				GCC_WARN_ABOUT_RETURN_TYPE = YES_ERROR;
				GCC_WARN_UNDECLARED_SELECTOR = YES;
				GCC_WARN_UNINITIALIZED_AUTOS = YES_AGGRESSIVE;
				GCC_WARN_UNUSED_FUNCTION = YES;
				GCC_WARN_UNUSED_VARIABLE = YES;
				IPHONEOS_DEPLOYMENT_TARGET = 8.4;
				MTL_ENABLE_DEBUG_INFO = NO;
				SDKROOT = iphoneos;
				VALIDATE_PRODUCT = YES;
			};
			name = Release;
		};
		CC2C971A1BF0314D004DF239 /* Debug */ = {
			isa = XCBuildConfiguration;
			buildSettings = {
				ASSETCATALOG_COMPILER_APPICON_NAME = AppIcon;
				ASSETCATALOG_COMPILER_LAUNCHIMAGE_NAME = LaunchImage;
				INFOPLIST_FILE = weibo/Info.plist;
				IPHONEOS_DEPLOYMENT_TARGET = 8.0;
				LD_RUNPATH_SEARCH_PATHS = "$(inherited) @executable_path/Frameworks";
				PRODUCT_NAME = "$(TARGET_NAME)";
				TARGETED_DEVICE_FAMILY = 1;
			};
			name = Debug;
		};
		CC2C971B1BF0314D004DF239 /* Release */ = {
			isa = XCBuildConfiguration;
			buildSettings = {
				ASSETCATALOG_COMPILER_APPICON_NAME = AppIcon;
				ASSETCATALOG_COMPILER_LAUNCHIMAGE_NAME = LaunchImage;
				INFOPLIST_FILE = weibo/Info.plist;
				IPHONEOS_DEPLOYMENT_TARGET = 8.0;
				LD_RUNPATH_SEARCH_PATHS = "$(inherited) @executable_path/Frameworks";
				PRODUCT_NAME = "$(TARGET_NAME)";
				TARGETED_DEVICE_FAMILY = 1;
			};
			name = Release;
		};
		CC2C971D1BF0314D004DF239 /* Debug */ = {
			isa = XCBuildConfiguration;
			buildSettings = {
				BUNDLE_LOADER = "$(TEST_HOST)";
				FRAMEWORK_SEARCH_PATHS = (
					"$(SDKROOT)/Developer/Library/Frameworks",
					"$(inherited)",
				);
				GCC_PREPROCESSOR_DEFINITIONS = (
					"DEBUG=1",
					"$(inherited)",
				);
				INFOPLIST_FILE = weiboTests/Info.plist;
				LD_RUNPATH_SEARCH_PATHS = "$(inherited) @executable_path/Frameworks @loader_path/Frameworks";
				PRODUCT_NAME = "$(TARGET_NAME)";
				TEST_HOST = "$(BUILT_PRODUCTS_DIR)/weibo.app/weibo";
			};
			name = Debug;
		};
		CC2C971E1BF0314D004DF239 /* Release */ = {
			isa = XCBuildConfiguration;
			buildSettings = {
				BUNDLE_LOADER = "$(TEST_HOST)";
				FRAMEWORK_SEARCH_PATHS = (
					"$(SDKROOT)/Developer/Library/Frameworks",
					"$(inherited)",
				);
				INFOPLIST_FILE = weiboTests/Info.plist;
				LD_RUNPATH_SEARCH_PATHS = "$(inherited) @executable_path/Frameworks @loader_path/Frameworks";
				PRODUCT_NAME = "$(TARGET_NAME)";
				TEST_HOST = "$(BUILT_PRODUCTS_DIR)/weibo.app/weibo";
			};
			name = Release;
		};
/* End XCBuildConfiguration section */

/* Begin XCConfigurationList section */
		CC2C96F11BF0314D004DF239 /* Build configuration list for PBXProject "weibo" */ = {
			isa = XCConfigurationList;
			buildConfigurations = (
				CC2C97171BF0314D004DF239 /* Debug */,
				CC2C97181BF0314D004DF239 /* Release */,
			);
			defaultConfigurationIsVisible = 0;
			defaultConfigurationName = Release;
		};
		CC2C97191BF0314D004DF239 /* Build configuration list for PBXNativeTarget "weibo" */ = {
			isa = XCConfigurationList;
			buildConfigurations = (
				CC2C971A1BF0314D004DF239 /* Debug */,
				CC2C971B1BF0314D004DF239 /* Release */,
			);
			defaultConfigurationIsVisible = 0;
			defaultConfigurationName = Release;
		};
		CC2C971C1BF0314D004DF239 /* Build configuration list for PBXNativeTarget "weiboTests" */ = {
			isa = XCConfigurationList;
			buildConfigurations = (
				CC2C971D1BF0314D004DF239 /* Debug */,
				CC2C971E1BF0314D004DF239 /* Release */,
			);
			defaultConfigurationIsVisible = 0;
			defaultConfigurationName = Release;
		};
/* End XCConfigurationList section */
	};
	rootObject = CC2C96EE1BF0314D004DF239 /* Project object */;
}
